{
  "version": 4,
  "terraform_version": "1.5.5",
  "serial": 21,
  "lineage": "940c49d7-6e9a-e5c2-675b-5900c299a426",
  "outputs": {},
  "resources": [
    {
      "mode": "managed",
      "type": "local_file",
      "name": "private_key",
      "provider": "provider[\"registry.terraform.io/hashicorp/local\"]",
      "instances": [
        {
          "schema_version": 0,
          "attributes": {
            "content": "-----BEGIN RSA PRIVATE KEY-----\nMIIEpAIBAAKCAQEA+eav8u52r+CMipqVJF/+MLl4o9RSkKt9x5k/L2GyiQS1x8yJ\njLUaGnfsjz73G3rLQpvZLvvFbzvffEC+ox5KMHmq4owYZZ6bO5Qj5jMNwAKGs0cW\n+eq973EQhQ1mtqbbOxp7ALX2p9PvwHnxVwTDugJfwPsSn63FbVpGuV4EwGnuJkPL\n+IwC8uEPaQt0ushNVPtH4bMOYTjEtGrMYcnWGP0TlQLNnPDbj/Rxe96Uktupfc62\nkJ96Mq4JalRkRb4E0SvC3KiYzMP189zXh7Tn/CcrCU10tJxS+xH2Rf2ngNhZNozN\nY6L9eVQvEHs1mJQyt8zLz0/d8TmbyIOh0t/TmQIDAQABAoIBAEZts0y91AlBOZqe\nckXsH9FPlCZn4lUPX8Vu9RW/bPecsjZ6+JEFQTQQdETys+W0t7AwCAdrwXrV3ug/\nvvptwO7kezqZzQ5mos0ptOxdmxRwIdJIyLrqY1kl/kfhPP9hCwwfLGdI4Rjva/RM\n6a1ilF7J6H6Uw+zopmlpNeFsE9697WTVs9m8lVzlA0BRh9S0u3J98b0OCcVfkNQV\ndBGMKiD5FPxGWl8IN48S8RYJ/SqJopThJS9ZgAnh0inXXMDZlwDuxMqB13HYVKwW\nVQdRKccjr4GR2fhWZqqSvTk6cF7jzf1RkiXjnE/K5v7nrkd427A4/R4sObUOhkGo\n7IlgyGECgYEA/T2pgAlAJxBae6BITmP5j5Iy5Mq4AkXsjmVEYZzPH4b5WwVYvbqA\n5njlaA35gU32CxdMHtMJWke945SMuXO0XvCKcj9F9mYWZfliqGlVeJ7H5iutjA76\nqJOV+ngpFKsthO7U5W1jtY7f6BZbdx6dbE6hv+eiv9uPQ0DzZBXGLBUCgYEA/J+1\nwh2VcSPUjarQLSez0ojMtVKxqMqx/97nxC6sxGo3+ZMxqZOCMHo8d/5G1EfTALDO\nIWwM8ZrpGyrVWl9MGKlNjAe2fW0VpW2rmC9Hm5pIJBw6CraJM78W+PMCJt9Blus4\ngm3BEO0nbLw25u68NoaZG0YaD64K4OmYTh4MdnUCgYEAqdGr1LxfVNLWmoiFdGv+\ncpSrpFl8w6l4VJT8IikxjAbLOIqBU9m5jtQLopecdWV+VTmuRg1m/C+X2wFGzSYW\nEoRjkvFzTSRwaLmvuxfHxTdU/bjUjFOPK3Ss4mWpxr5zq+0svx13+8xvwgccFulk\nz7h7J2GB9f6aN5NapAcl+XECgYEA4hmPc81Gk5yeAK2A5OlD6IrHrQH2QDwqU/gN\nN2kO+DyZHKbBLCT5wKmmtT6/5f7iuxuDYiZy70rWl5oemmPwl6Hv5gSBMIERfp5J\nlku6q2nKZ4db63q0EbxVszrMEj5/VbPxP8s7oQqg3pEWElpZ2fNd1StI5/+9fM+V\noVUDkoECgYAY1G+LHoiVNsutwdpuQ6cY65RFiVzBDjadRVbWPUVaPUk8dBCgkCPh\nfzklxwdOlOPzqsMmdxf7zexk5OV2ykKcjHf6uUvpr9BFzUwpyjpre1e6OvgXHcBu\nP8pd84VDCqfwbndLVHCbi13RtONYpAOAoE4CwCKbUhtDbiyhsRjBPA==\n-----END RSA PRIVATE KEY-----\n\n",
            "content_base64": null,
            "content_base64sha256": "ZzgacN5yx8NJ1XbF61aA2ZG6xVcqIQdOWhKKgLV4nKA=",
            "content_base64sha512": "ihHfCpLdZZe02B1G0+t4UNIXF6NVRZiNWyW4b+xwMf5HopiM06y9nhfKwyAx8mKALvt8wGiyba5ZghFgr3LhGA==",
            "content_md5": "a21209359cf7d71a50de6db5a837d8f6",
            "content_sha1": "3cd035a4e2bcbf6f7f7afce0a94f056117b9e6e8",
            "content_sha256": "67381a70de72c7c349d576c5eb5680d991bac5572a21074e5a128a80b5789ca0",
            "content_sha512": "8a11df0a92dd6597b4d81d46d3eb7850d21717a35545988d5b25b86fec7031fe47a2988cd3acbd9e17cac32031f262802efb7cc068b26dae59821160af72e118",
            "directory_permission": "0777",
            "file_permission": "600",
            "filename": "./../id_rsa_mnaio.key",
            "id": "3cd035a4e2bcbf6f7f7afce0a94f056117b9e6e8",
            "sensitive_content": null,
            "source": null
          },
          "sensitive_attributes": [],
          "dependencies": [
            "openstack_compute_keypair_v2.dfw_user_key",
            "random_pet.pet_name"
          ]
        }
      ]
    },
    {
      "mode": "managed",
      "type": "openstack_compute_flavor_v2",
      "name": "t2-large-dfw",
      "provider": "provider[\"registry.terraform.io/terraform-provider-openstack/openstack\"].dfw3",
      "instances": [
        {
          "schema_version": 0,
          "attributes": {
            "disk": 20,
            "ephemeral": 0,
            "extra_specs": {},
            "flavor_id": "55fb6ee3-d9ba-4cad-b753-0fc388e51d10",
            "id": "55fb6ee3-d9ba-4cad-b753-0fc388e51d10",
            "is_public": true,
            "name": "t2.large",
            "ram": 8192,
            "region": "DFW3",
            "rx_tx_factor": 1,
            "swap": 0,
            "vcpus": 2
          },
          "sensitive_attributes": [],
          "private": "bnVsbA=="
        }
      ]
    },
    {
      "mode": "managed",
      "type": "openstack_compute_flavor_v2",
      "name": "t2-medium-dfw",
      "provider": "provider[\"registry.terraform.io/terraform-provider-openstack/openstack\"].dfw3",
      "instances": [
        {
          "schema_version": 0,
          "attributes": {
            "disk": 20,
            "ephemeral": 0,
            "extra_specs": {},
            "flavor_id": "8c5d9086-47dd-41e9-a14e-0b636ef0f8bf",
            "id": "8c5d9086-47dd-41e9-a14e-0b636ef0f8bf",
            "is_public": true,
            "name": "t2.medium",
            "ram": 4096,
            "region": "DFW3",
            "rx_tx_factor": 1,
            "swap": 0,
            "vcpus": 2
          },
          "sensitive_attributes": [],
          "private": "bnVsbA=="
        }
      ]
    },
    {
      "mode": "managed",
      "type": "openstack_compute_flavor_v2",
      "name": "t2-small-dfw",
      "provider": "provider[\"registry.terraform.io/terraform-provider-openstack/openstack\"].dfw3",
      "instances": [
        {
          "schema_version": 0,
          "attributes": {
            "disk": 20,
            "ephemeral": 0,
            "extra_specs": {},
            "flavor_id": "87a55f52-1690-437c-ac1f-f65ba8e69275",
            "id": "87a55f52-1690-437c-ac1f-f65ba8e69275",
            "is_public": true,
            "name": "t2.small",
            "ram": 2048,
            "region": "DFW3",
            "rx_tx_factor": 1,
            "swap": 0,
            "vcpus": 1
          },
          "sensitive_attributes": [],
          "private": "bnVsbA=="
        }
      ]
    },
    {
      "mode": "managed",
      "type": "openstack_compute_flavor_v2",
      "name": "t2-xlarge-dfw",
      "provider": "provider[\"registry.terraform.io/terraform-provider-openstack/openstack\"].dfw3",
      "instances": [
        {
          "schema_version": 0,
          "attributes": {
            "disk": 20,
            "ephemeral": 0,
            "extra_specs": {},
            "flavor_id": "edfbfd86-04ec-44ea-bbf3-02601c5af7d1",
            "id": "edfbfd86-04ec-44ea-bbf3-02601c5af7d1",
            "is_public": true,
            "name": "t2.xlarge",
            "ram": 16384,
            "region": "DFW3",
            "rx_tx_factor": 1,
            "swap": 0,
            "vcpus": 4
          },
          "sensitive_attributes": [],
          "private": "bnVsbA=="
        }
      ]
    },
    {
      "mode": "managed",
      "type": "openstack_compute_floatingip_associate_v2",
      "name": "node01-dfw-float-associate",
      "provider": "provider[\"registry.terraform.io/terraform-provider-openstack/openstack\"].dfw3",
      "instances": [
        {
          "schema_version": 0,
          "attributes": {
            "fixed_ip": "192.168.1.9",
            "floating_ip": "209.61.135.86",
            "id": "209.61.135.86/206774ca-a1ae-4bb3-95e1-fd54a45098ae/192.168.1.9",
            "instance_id": "206774ca-a1ae-4bb3-95e1-fd54a45098ae",
            "region": "DFW3",
            "timeouts": null,
            "wait_until_associated": null
          },
          "sensitive_attributes": [],
          "private": "eyJlMmJmYjczMC1lY2FhLTExZTYtOGY4OC0zNDM2M2JjN2M0YzAiOnsiY3JlYXRlIjo2MDAwMDAwMDAwMDB9fQ==",
          "dependencies": [
            "openstack_compute_flavor_v2.t2-medium-dfw",
            "openstack_compute_instance_v2.node01-dfw",
            "openstack_compute_keypair_v2.dfw_user_key",
            "openstack_networking_floatingip_v2.node01-dfw-float",
            "openstack_networking_port_v2.node01-dfw-port-1",
            "openstack_networking_router_interface_v2.dfw3-tenant-router-interface-1",
            "random_pet.pet_name"
          ]
        }
      ]
    },
    {
      "mode": "managed",
      "type": "openstack_compute_instance_v2",
      "name": "node01-dfw",
      "provider": "provider[\"registry.terraform.io/terraform-provider-openstack/openstack\"].dfw3",
      "instances": [
        {
          "schema_version": 0,
          "attributes": {
            "access_ip_v4": "192.168.1.9",
            "access_ip_v6": "",
            "admin_pass": null,
            "all_metadata": {},
            "all_tags": [],
            "availability_zone": "nova",
            "availability_zone_hints": null,
            "block_device": [],
            "config_drive": true,
            "flavor_id": "8c5d9086-47dd-41e9-a14e-0b636ef0f8bf",
            "flavor_name": "t2.medium",
            "floating_ip": null,
            "force_delete": false,
            "id": "206774ca-a1ae-4bb3-95e1-fd54a45098ae",
            "image_id": "a07e6df4-8f67-4fa2-a3bc-e627d81a343c",
            "image_name": "ospcv2-ubuntu-22.04-jammy-cloud-image",
            "key_pair": "distinct-vervet-user-key",
            "metadata": null,
            "name": "distinct-vervet-node01-dfw",
            "network": [
              {
                "access_network": false,
                "fixed_ip_v4": "192.168.1.9",
                "fixed_ip_v6": "",
                "floating_ip": "",
                "mac": "fa:16:3e:34:a4:bd",
                "name": "distinct-vervet-dfw3-tenant-network-1",
                "port": "13e97920-0217-4a05-8404-258a0356e188",
                "uuid": "cc94613f-6430-4277-96b1-0e77d8356c30"
              }
            ],
            "network_mode": null,
            "personality": [],
            "power_state": "active",
            "region": "DFW3",
            "scheduler_hints": [],
            "security_groups": [
              "secgrp-demo"
            ],
            "stop_before_destroy": false,
            "tags": null,
            "timeouts": null,
            "user_data": "8c4f537276b655e050e4af4ec620b8df9f6befd3",
            "vendor_options": [],
            "volume": []
          },
          "sensitive_attributes": [],
          "private": "eyJlMmJmYjczMC1lY2FhLTExZTYtOGY4OC0zNDM2M2JjN2M0YzAiOnsiY3JlYXRlIjoxODAwMDAwMDAwMDAwLCJkZWxldGUiOjE4MDAwMDAwMDAwMDAsInVwZGF0ZSI6MTgwMDAwMDAwMDAwMH19",
          "dependencies": [
            "openstack_compute_flavor_v2.t2-medium-dfw",
            "openstack_compute_keypair_v2.dfw_user_key",
            "openstack_networking_port_v2.node01-dfw-port-1",
            "random_pet.pet_name"
          ]
        }
      ]
    },
    {
      "mode": "managed",
      "type": "openstack_compute_keypair_v2",
      "name": "dfw_user_key",
      "provider": "provider[\"registry.terraform.io/terraform-provider-openstack/openstack\"].dfw3",
      "instances": [
        {
          "schema_version": 0,
          "attributes": {
            "fingerprint": "09:31:d8:40:5e:52:fe:6e:e8:62:bc:46:1e:d2:8d:18",
            "id": "distinct-vervet-user-key",
            "name": "distinct-vervet-user-key",
            "private_key": "-----BEGIN RSA PRIVATE KEY-----\nMIIEpAIBAAKCAQEA+eav8u52r+CMipqVJF/+MLl4o9RSkKt9x5k/L2GyiQS1x8yJ\njLUaGnfsjz73G3rLQpvZLvvFbzvffEC+ox5KMHmq4owYZZ6bO5Qj5jMNwAKGs0cW\n+eq973EQhQ1mtqbbOxp7ALX2p9PvwHnxVwTDugJfwPsSn63FbVpGuV4EwGnuJkPL\n+IwC8uEPaQt0ushNVPtH4bMOYTjEtGrMYcnWGP0TlQLNnPDbj/Rxe96Uktupfc62\nkJ96Mq4JalRkRb4E0SvC3KiYzMP189zXh7Tn/CcrCU10tJxS+xH2Rf2ngNhZNozN\nY6L9eVQvEHs1mJQyt8zLz0/d8TmbyIOh0t/TmQIDAQABAoIBAEZts0y91AlBOZqe\nckXsH9FPlCZn4lUPX8Vu9RW/bPecsjZ6+JEFQTQQdETys+W0t7AwCAdrwXrV3ug/\nvvptwO7kezqZzQ5mos0ptOxdmxRwIdJIyLrqY1kl/kfhPP9hCwwfLGdI4Rjva/RM\n6a1ilF7J6H6Uw+zopmlpNeFsE9697WTVs9m8lVzlA0BRh9S0u3J98b0OCcVfkNQV\ndBGMKiD5FPxGWl8IN48S8RYJ/SqJopThJS9ZgAnh0inXXMDZlwDuxMqB13HYVKwW\nVQdRKccjr4GR2fhWZqqSvTk6cF7jzf1RkiXjnE/K5v7nrkd427A4/R4sObUOhkGo\n7IlgyGECgYEA/T2pgAlAJxBae6BITmP5j5Iy5Mq4AkXsjmVEYZzPH4b5WwVYvbqA\n5njlaA35gU32CxdMHtMJWke945SMuXO0XvCKcj9F9mYWZfliqGlVeJ7H5iutjA76\nqJOV+ngpFKsthO7U5W1jtY7f6BZbdx6dbE6hv+eiv9uPQ0DzZBXGLBUCgYEA/J+1\nwh2VcSPUjarQLSez0ojMtVKxqMqx/97nxC6sxGo3+ZMxqZOCMHo8d/5G1EfTALDO\nIWwM8ZrpGyrVWl9MGKlNjAe2fW0VpW2rmC9Hm5pIJBw6CraJM78W+PMCJt9Blus4\ngm3BEO0nbLw25u68NoaZG0YaD64K4OmYTh4MdnUCgYEAqdGr1LxfVNLWmoiFdGv+\ncpSrpFl8w6l4VJT8IikxjAbLOIqBU9m5jtQLopecdWV+VTmuRg1m/C+X2wFGzSYW\nEoRjkvFzTSRwaLmvuxfHxTdU/bjUjFOPK3Ss4mWpxr5zq+0svx13+8xvwgccFulk\nz7h7J2GB9f6aN5NapAcl+XECgYEA4hmPc81Gk5yeAK2A5OlD6IrHrQH2QDwqU/gN\nN2kO+DyZHKbBLCT5wKmmtT6/5f7iuxuDYiZy70rWl5oemmPwl6Hv5gSBMIERfp5J\nlku6q2nKZ4db63q0EbxVszrMEj5/VbPxP8s7oQqg3pEWElpZ2fNd1StI5/+9fM+V\noVUDkoECgYAY1G+LHoiVNsutwdpuQ6cY65RFiVzBDjadRVbWPUVaPUk8dBCgkCPh\nfzklxwdOlOPzqsMmdxf7zexk5OV2ykKcjHf6uUvpr9BFzUwpyjpre1e6OvgXHcBu\nP8pd84VDCqfwbndLVHCbi13RtONYpAOAoE4CwCKbUhtDbiyhsRjBPA==\n-----END RSA PRIVATE KEY-----\n",
            "public_key": "ssh-rsa AAAAB3NzaC1yc2EAAAADAQABAAABAQD55q/y7nav4IyKmpUkX/4wuXij1FKQq33HmT8vYbKJBLXHzImMtRoad+yPPvcbestCm9ku+8VvO998QL6jHkowearijBhlnps7lCPmMw3AAoazRxb56r3vcRCFDWa2pts7GnsAtfan0+/AefFXBMO6Al/A+xKfrcVtWka5XgTAae4mQ8v4jALy4Q9pC3S6yE1U+0fhsw5hOMS0asxhydYY/ROVAs2c8NuP9HF73pSS26l9zraQn3oyrglqVGRFvgTRK8LcqJjMw/Xz3NeHtOf8JysJTXS0nFL7EfZF/aeA2Fk2jM1jov15VC8QezWYlDK3zMvPT93xOZvIg6HS39OZ Generated-by-Nova",
            "region": "DFW3",
            "user_id": "",
            "value_specs": null
          },
          "sensitive_attributes": [],
          "private": "bnVsbA==",
          "dependencies": [
            "random_pet.pet_name"
          ]
        }
      ]
    },
    {
      "mode": "managed",
      "type": "openstack_networking_floatingip_v2",
      "name": "node01-dfw-float",
      "provider": "provider[\"registry.terraform.io/terraform-provider-openstack/openstack\"].dfw3",
      "instances": [
        {
          "schema_version": 0,
          "attributes": {
            "address": "209.61.135.86",
            "all_tags": [],
            "description": "",
            "dns_domain": "",
            "dns_name": "",
            "fixed_ip": "",
            "id": "a08a8082-66fd-4e32-8f09-4bb6c7050916",
            "pool": "ext_network",
            "port_id": "",
            "region": "DFW3",
            "subnet_id": null,
            "subnet_ids": null,
            "tags": [],
            "tenant_id": "f3b5887e9d8841c0a73dc031835784db",
            "timeouts": null,
            "value_specs": null
          },
          "sensitive_attributes": [],
          "private": "eyJlMmJmYjczMC1lY2FhLTExZTYtOGY4OC0zNDM2M2JjN2M0YzAiOnsiY3JlYXRlIjo2MDAwMDAwMDAwMDAsImRlbGV0ZSI6NjAwMDAwMDAwMDAwfX0="
        }
      ]
    },
    {
      "mode": "managed",
      "type": "openstack_networking_network_v2",
      "name": "dfw3_tenant_network_1",
      "provider": "provider[\"registry.terraform.io/terraform-provider-openstack/openstack\"].dfw3",
      "instances": [
        {
          "schema_version": 0,
          "attributes": {
            "admin_state_up": true,
            "all_tags": [],
            "availability_zone_hints": [],
            "description": "",
            "dns_domain": "",
            "external": false,
            "id": "cc94613f-6430-4277-96b1-0e77d8356c30",
            "mtu": 1450,
            "name": "distinct-vervet-dfw3-tenant-network-1",
            "port_security_enabled": true,
            "qos_policy_id": "",
            "region": "DFW3",
            "segments": [],
            "shared": false,
            "tags": [],
            "tenant_id": "f3b5887e9d8841c0a73dc031835784db",
            "timeouts": null,
            "transparent_vlan": false,
            "value_specs": null
          },
          "sensitive_attributes": [],
          "private": "eyJlMmJmYjczMC1lY2FhLTExZTYtOGY4OC0zNDM2M2JjN2M0YzAiOnsiY3JlYXRlIjo2MDAwMDAwMDAwMDAsImRlbGV0ZSI6NjAwMDAwMDAwMDAwfX0=",
          "dependencies": [
            "random_pet.pet_name"
          ]
        }
      ]
    },
    {
      "mode": "managed",
      "type": "openstack_networking_port_v2",
      "name": "node01-dfw-port-1",
      "provider": "provider[\"registry.terraform.io/terraform-provider-openstack/openstack\"].dfw3",
      "instances": [
        {
          "schema_version": 0,
          "attributes": {
            "admin_state_up": true,
            "all_fixed_ips": [
              "192.168.1.9"
            ],
            "all_security_group_ids": [
              "49286045-4ba8-415e-9a6e-d7c8a9ee4efa"
            ],
            "all_tags": [],
            "allowed_address_pairs": [],
            "binding": [
              {
                "host_id": "",
                "profile": "{}",
                "vif_details": {},
                "vif_type": "unbound",
                "vnic_type": "normal"
              }
            ],
            "description": "",
            "device_id": "",
            "device_owner": "",
            "dns_assignment": [],
            "dns_name": "",
            "extra_dhcp_option": [],
            "fixed_ip": [
              {
                "ip_address": "",
                "subnet_id": "c969ecce-55cc-4b42-b2a9-5bb11cae5978"
              }
            ],
            "id": "13e97920-0217-4a05-8404-258a0356e188",
            "mac_address": "fa:16:3e:34:a4:bd",
            "name": "distinct-vervet-node01-dfw-1",
            "network_id": "cc94613f-6430-4277-96b1-0e77d8356c30",
            "no_fixed_ip": null,
            "no_security_groups": null,
            "port_security_enabled": true,
            "qos_policy_id": "",
            "region": "DFW3",
            "security_group_ids": [
              "49286045-4ba8-415e-9a6e-d7c8a9ee4efa"
            ],
            "tags": [],
            "tenant_id": "f3b5887e9d8841c0a73dc031835784db",
            "timeouts": null,
            "value_specs": null
          },
          "sensitive_attributes": [],
          "private": "eyJlMmJmYjczMC1lY2FhLTExZTYtOGY4OC0zNDM2M2JjN2M0YzAiOnsiY3JlYXRlIjo2MDAwMDAwMDAwMDAsImRlbGV0ZSI6NjAwMDAwMDAwMDAwfX0=",
          "dependencies": [
            "openstack_networking_network_v2.dfw3_tenant_network_1",
            "openstack_networking_secgroup_v2.secgrp-demo-dfw3",
            "openstack_networking_subnet_v2.dfw3_tenant_network_1",
            "random_pet.pet_name"
          ]
        }
      ]
    },
    {
      "mode": "managed",
      "type": "openstack_networking_router_interface_v2",
      "name": "dfw3-tenant-router-interface-1",
      "provider": "provider[\"registry.terraform.io/terraform-provider-openstack/openstack\"].dfw3",
      "instances": [
        {
          "schema_version": 0,
          "attributes": {
            "id": "097ca7f9-3b73-40c0-9802-b860b0974f7a",
            "port_id": "097ca7f9-3b73-40c0-9802-b860b0974f7a",
            "region": "DFW3",
            "router_id": "df833b14-556d-4a84-bd54-b7e3ce745543",
            "subnet_id": "c969ecce-55cc-4b42-b2a9-5bb11cae5978",
            "timeouts": null
          },
          "sensitive_attributes": [],
          "private": "eyJlMmJmYjczMC1lY2FhLTExZTYtOGY4OC0zNDM2M2JjN2M0YzAiOnsiY3JlYXRlIjo2MDAwMDAwMDAwMDAsImRlbGV0ZSI6NjAwMDAwMDAwMDAwfX0=",
          "dependencies": [
            "openstack_networking_network_v2.dfw3_tenant_network_1",
            "openstack_networking_router_v2.dfw3_tenant_router_1",
            "openstack_networking_subnet_v2.dfw3_tenant_network_1",
            "random_pet.pet_name"
          ]
        }
      ]
    },
    {
      "mode": "managed",
      "type": "openstack_networking_router_v2",
      "name": "dfw3_tenant_router_1",
      "provider": "provider[\"registry.terraform.io/terraform-provider-openstack/openstack\"].dfw3",
      "instances": [
        {
          "schema_version": 0,
          "attributes": {
            "admin_state_up": true,
            "all_tags": [],
            "availability_zone_hints": [],
            "description": "",
            "distributed": false,
            "enable_snat": true,
            "external_fixed_ip": [
              {
                "ip_address": "209.61.135.122",
                "subnet_id": "9f4715f6-25c3-4183-a1cb-b42f15ffe47a"
              }
            ],
            "external_gateway": "dd2b8693-99d1-451a-9cc2-e8c996ca1e08",
            "external_network_id": "dd2b8693-99d1-451a-9cc2-e8c996ca1e08",
            "external_subnet_ids": null,
            "id": "df833b14-556d-4a84-bd54-b7e3ce745543",
            "name": "distinct-vervet-dfw3-demo-tenant-router",
            "region": "DFW3",
            "tags": [],
            "tenant_id": "f3b5887e9d8841c0a73dc031835784db",
            "timeouts": null,
            "value_specs": null,
            "vendor_options": []
          },
          "sensitive_attributes": [],
          "private": "eyJlMmJmYjczMC1lY2FhLTExZTYtOGY4OC0zNDM2M2JjN2M0YzAiOnsiY3JlYXRlIjo2MDAwMDAwMDAwMDAsImRlbGV0ZSI6NjAwMDAwMDAwMDAwfX0=",
          "dependencies": [
            "random_pet.pet_name"
          ]
        }
      ]
    },
    {
      "mode": "managed",
      "type": "openstack_networking_secgroup_rule_v2",
      "name": "all-icmp-dfw3",
      "provider": "provider[\"registry.terraform.io/terraform-provider-openstack/openstack\"].dfw3",
      "instances": [
        {
          "schema_version": 0,
          "attributes": {
            "description": "",
            "direction": "ingress",
            "ethertype": "IPv4",
            "id": "8d0102b2-647d-47b8-9e4c-3bbaf9d98551",
            "port_range_max": 0,
            "port_range_min": 0,
            "protocol": "icmp",
            "region": "DFW3",
            "remote_group_id": "",
            "remote_ip_prefix": "0.0.0.0/0",
            "security_group_id": "49286045-4ba8-415e-9a6e-d7c8a9ee4efa",
            "tenant_id": "f3b5887e9d8841c0a73dc031835784db",
            "timeouts": null
          },
          "sensitive_attributes": [],
          "private": "eyJlMmJmYjczMC1lY2FhLTExZTYtOGY4OC0zNDM2M2JjN2M0YzAiOnsiZGVsZXRlIjo2MDAwMDAwMDAwMDB9fQ==",
          "dependencies": [
            "openstack_networking_secgroup_v2.secgrp-demo-dfw3"
          ]
        }
      ]
    },
    {
      "mode": "managed",
      "type": "openstack_networking_secgroup_v2",
      "name": "secgrp-demo-dfw3",
      "provider": "provider[\"registry.terraform.io/terraform-provider-openstack/openstack\"].dfw3",
      "instances": [
        {
          "schema_version": 0,
          "attributes": {
            "all_tags": [],
            "delete_default_rules": null,
            "description": "Security Group for Demo",
            "id": "49286045-4ba8-415e-9a6e-d7c8a9ee4efa",
            "name": "secgrp-demo",
            "region": "DFW3",
            "tags": [],
            "tenant_id": "f3b5887e9d8841c0a73dc031835784db",
            "timeouts": null
          },
          "sensitive_attributes": [],
          "private": "eyJlMmJmYjczMC1lY2FhLTExZTYtOGY4OC0zNDM2M2JjN2M0YzAiOnsiZGVsZXRlIjo2MDAwMDAwMDAwMDB9fQ=="
        }
      ]
    },
    {
      "mode": "managed",
      "type": "openstack_networking_subnet_v2",
      "name": "dfw3_tenant_network_1",
      "provider": "provider[\"registry.terraform.io/terraform-provider-openstack/openstack\"].dfw3",
      "instances": [
        {
          "schema_version": 0,
          "attributes": {
            "all_tags": [],
            "allocation_pool": [
              {
                "end": "192.168.1.254",
                "start": "192.168.1.2"
              }
            ],
            "allocation_pools": [
              {
                "end": "192.168.1.254",
                "start": "192.168.1.2"
              }
            ],
            "cidr": "192.168.1.0/24",
            "description": "",
            "dns_nameservers": [
              "1.1.1.1",
              "1.0.0.1"
            ],
            "enable_dhcp": true,
            "gateway_ip": "192.168.1.1",
            "host_routes": [],
            "id": "c969ecce-55cc-4b42-b2a9-5bb11cae5978",
            "ip_version": 4,
            "ipv6_address_mode": "",
            "ipv6_ra_mode": "",
            "name": "distinct-vervet-dfw3-tenant-network-1-192.168.1.0/24",
            "network_id": "cc94613f-6430-4277-96b1-0e77d8356c30",
            "no_gateway": false,
            "prefix_length": null,
            "region": "DFW3",
            "subnetpool_id": "",
            "tags": [],
            "tenant_id": "f3b5887e9d8841c0a73dc031835784db",
            "timeouts": null,
            "value_specs": null
          },
          "sensitive_attributes": [],
          "private": "eyJlMmJmYjczMC1lY2FhLTExZTYtOGY4OC0zNDM2M2JjN2M0YzAiOnsiY3JlYXRlIjo2MDAwMDAwMDAwMDAsImRlbGV0ZSI6NjAwMDAwMDAwMDAwfX0=",
          "dependencies": [
            "openstack_networking_network_v2.dfw3_tenant_network_1",
            "random_pet.pet_name"
          ]
        }
      ]
    },
    {
      "mode": "managed",
      "type": "random_pet",
      "name": "pet_name",
      "provider": "provider[\"registry.terraform.io/hashicorp/random\"]",
      "instances": [
        {
          "schema_version": 0,
          "attributes": {
            "id": "distinct-vervet",
            "keepers": null,
            "length": 2,
            "prefix": null,
            "separator": "-"
          },
          "sensitive_attributes": []
        }
      ]
    }
  ],
  "check_results": null
}
