{
  "version": 4,
  "terraform_version": "1.5.5",
  "serial": 502,
  "lineage": "a3dc29dc-ee4e-b256-154c-e456a949c19a",
  "outputs": {},
  "resources": [
    {
      "mode": "managed",
      "type": "local_file",
      "name": "ord_private_key",
      "provider": "provider[\"registry.terraform.io/hashicorp/local\"]",
      "instances": [
        {
          "schema_version": 0,
          "attributes": {
            "content": "-----BEGIN RSA PRIVATE KEY-----\nMIIEogIBAAKCAQEA1SutsHQ9PxIP8Qq3Z3pEFsvFwXTCV1U9wZyxfvGq1sFdKxSo\nlbQ/Ls/uYxC4UboRCw/43IiMmRfO7sS+ssVGQotMMOFyvy4wyawgFRVIphSfFBBl\nr65K/+hNAf363XR3fPU/lANRKghHjpArCvfl6ir482Aloq/6oDvbKRZN6Eu4n3Gk\nxZvFBIxU9Dh9i5owvboC+JEC4rFmTHZKMYvDi8VHySkD888oqua9rHXN4kf5YBA5\nYBrr5HLV7AgsPXF0N91FJuraEhVXcmGxA0rmIXNBsGyeXaLhvDoWWxNjGUhtdyAx\nGl+HnRiaRJnlD4ffMNCjY7EMRPje4FXoqs+3OQIDAQABAoIBABLxjr3flpHESSZi\njWnks6hS83/9oEeii5ppElz1nPj4tg7eBx1Gp1bBo62qDrc0kc8p3DO87sGsG/ec\nBFZesZ+4QU0Wu9vBfxRs92zoN0yLCJf/3Ql/s6qKOk2zBFgpwXSZVs0QfmX91l4U\n8b5HyWbF6tm18aJDgUI8D33XPZUm++vLf9pR/PYMqMUBg6HPrNUL7HTpe4ggNgEt\nYYOzx6O6BJH/50ORKfqTgMiAAw67hmEWEk/oVMV2FLYWCz1aOJCaNjqExmov852Z\nuO922aHafizXDDqvKXGjhXvyFTtmAMymrdXUlJGWYJAB340sx1fzt3hukkDBgaEh\ns/HrYAECgYEA9urGQhkqQ38tvIb5eFme/jDs2RnTN1omST/Xk7zvK0M3jU8yjGYe\nNhAL6376i/ekqt6ONMJGR36czt7t6HzEkTOr1fB/CRnm7rSWrxQGTwPr3ETbNZas\n/igZY1H6OFabaxtT37h3MbVvY3L4zZ7d2exy5Zmejx4RqvIwDkm/qNECgYEA3QMc\nzrm5oBzb1YpVJWaVR3D86/F4JjAdezrjhHlNU7vSSWuzPyMfeR8va6wKONQx2ehY\nX8hDjrFQqEZM1/+7ZVqTmH/InESPj4fBk9EJHQ/8JGUCPczKGmaL/ZvBNAOWq7yG\nOwfHht1VbWU26cSEjBeSg5XDP/6mZQuKM4niQekCgYABMrZvj6uy1CUmqwj+2oB4\n/0fG7ecmd5uD83laUCpg7VyRpPa706sF3CISrHUOxM7ZvWa3PtIUerrMDizdWe2i\nPrvwt9AF/UgvlFS+2LwHGh/E29isc+S2/v7Qio9KQrFSXbmUdlKtvRGjS+WFKeYt\nroYIMyyfySeQysgM6bKyYQKBgGVowzQbxg+wjjI6Sf1iR4bDUloUrxOeqjhb+f9U\nBWYxXTjxIQsMW6mg5IpcI0iWHNWmpb41TsJPm/nKYAIQRnUoDWdA4tTJJLIwEWN4\n29yo9AHjExc2O1nHyd4xNIJgTyc31sOJO0Unk8YhVgQHduYs/r4/3pojh0f/9obV\ncqrZAoGAa8a85BfqhvzcOdOUZH5Mhk2bbvVef64SsAYaFl+LMlTbBzcbINEQpYWY\nS3ZD9ljugCsa3I3RB+Na0v4us3YZCchgHgwxVVn5xI5W0kCjgkUSTkOtAYrhvVWl\nes5emCcRIfyiATC6anclNYs4E2YU/8VK8ve+brxLR5Am6pB2W6M=\n-----END RSA PRIVATE KEY-----\n\n",
            "content_base64": null,
            "content_base64sha256": "kphI7ADYWm/1gkGx8+HrZKHtldZfvGOlh3zGYr8McUE=",
            "content_base64sha512": "ibGEB2L+UY0rE9uuaM2CfJc2Fo/K3YY5PDnqe9SlJ1u/UBKOapeMdwjoa3YOStTy4jaLoINTEvTCjx08NAudag==",
            "content_md5": "9050d39abb62ee561e1205006c606bd9",
            "content_sha1": "6d8a4c245b52b5a24f7da8013cff8bde7888c27d",
            "content_sha256": "929848ec00d85a6ff58241b1f3e1eb64a1ed95d65fbc63a5877cc662bf0c7141",
            "content_sha512": "89b1840762fe518d2b13dbae68cd827c9736168fcadd86393c39ea7bd4a5275bbf50128e6a978c7708e86b760e4ad4f2e2368ba0835312f4c28f1d3c340b9d6a",
            "directory_permission": "0777",
            "file_permission": "600",
            "filename": "./../ord_id_rsa_mnaio.key",
            "id": "6d8a4c245b52b5a24f7da8013cff8bde7888c27d",
            "sensitive_content": null,
            "source": null
          },
          "sensitive_attributes": [],
          "dependencies": [
            "openstack_compute_keypair_v2.ord_user_key",
            "random_pet.pet_name"
          ]
        }
      ]
    },
    {
      "mode": "managed",
      "type": "local_file",
      "name": "private_key",
      "provider": "provider[\"registry.terraform.io/hashicorp/local\"]",
      "instances": [
        {
          "schema_version": 0,
          "attributes": {
            "content": "-----BEGIN RSA PRIVATE KEY-----\nMIIEogIBAAKCAQEAqwVya44b79fynvKimP3KOCVz1KPhNfmSqCwfTEBaqL56MCML\nq3mfc3HTVCVZct58EPYw9cFMtJp7TC51+BrHs3vt91ROfRM2LodmJQHzenlrrv5o\nPfeKlc4pbAijd5UWzqDTzdu1r0ZCZoRWldfVGhqvhPoJA72ciD6kcjQI8LOVu2f4\nLU34yiYwr/zeiFKZnfDWkuQ6JdDkE4drEKgMk/4EBi/3pBVN9HTTGFnypoPdUoxP\n6g2L4EerpOIVc7Lpgc3HFR0hifn8f9XRtJTW0mLx1sX9WZjyRefDmblOKxhyASv3\n+eBZXDcwvtDoS3lbgs/Gjtt85mfbWFsyoZ/BiwIDAQABAoIBAH0bQPaZQKqVqLDK\nAlQ04+dqzm8xayCW78gCburS8P8cSDpKiNDp6dED5Xpa0DKNuuiVkH9W5ov/rk6u\ndjIHNSuBbzVNARXSJgKnnftYkAp6JGIhTZR3L3QjGn4jW6Gw+LwzPn4LSb9sgEqK\naOS4vPWZq+h1GH8aCBZK7PV2R0v8gU3t8ylzjapDRyGP+BoE1fQWK1yH4T9yTpO9\nb8oPRGmweBXxDAqy3X9RNiHGzVnjUTegvvpWpY72mdBvoe+/SIKq2LHBNjIMo5Zd\n/4YwXNfxAg7WOrF87e1+nWM3PzPvy1loI57lCJdhTaeIUbW8E0sf3Iyyd9Z6Circ\nawV8vKECgYEA1UEp2AYqIz3sJKOvbq/Pcgl0z7+BJyOk6zO4QoIyd66KsXSJVf58\n12aqrXnhZ99bU+TTvpLPuhIsHdh0FmnQZFhYcCK9EYo0yVHhdQY9DNLSaiKhTkCb\n80JfkHh5mX2izOXE/56aVqQJMNkGtgq00oDk+SBmQaayFirXth8eIjkCgYEAzU0l\nlrs60kJqSjhUF5GH6DwL2fUFYjC/bMTKMedfLGGCph+sJyHWO5HSnmkOrh+oCMnB\n+SPzEuN0iujXHP+E5tOu+FKTy2s5RHbgei1QHZiq7hQxnpPsPjaWkdkP7w507ug6\ne/dPJ7NaY5j+QKjR5ohjYGaXo16gyAu4Z34useMCgYB7QNxkZLu5/rIbQxfEC40E\nRf7ji7Wj33AUGKJonkN49MJoaghuUVXqUQZYmVbz6B4q0NipDsVMr/Abl90QjzvI\no18KAKnyF0UHDnIWZvKmFLtUaIt+ZM09vaDqKRdu5TRQ5IQFka92X/yH5QeB85Ir\nECBG9LjlPOk08rIWKsoJ0QKBgCdeDsIrnujosWcQDBgE4RHISeF+mYytmldqGPee\nzWI+RIZEdod+do0vtjqIHLeI/HjK73YtzZOmqBdm9LDr0nlMyDV36D1Oj0mwnfTv\nsXgraUOD/cvRw7BeWVsYS3TkyclyIJza3IPZYZDNqpuNg8p4Bs5afeNm5t/VV4QI\n7z1PAoGAJF0saWSVl5CbyDb3pR98Y5q/6UIw/4RMuUd4Bg7KlsAhBaEjT6IwNJe1\ncb0Iq1WiOibW0VTjVxwrBBdKJbSPn8vEEIiXVWSy6pYPn0J853yO4Z01IdjHzPAH\nk8oZevcYSiaGvDNQKzTn9lOKwUk8O9J15Rotqt5oVda5xkNZtKw=\n-----END RSA PRIVATE KEY-----\n\n",
            "content_base64": null,
            "content_base64sha256": "8GsE4Lq6O5sdWvih4tvN8ZJehRbNAnxML0mWZ7InDbU=",
            "content_base64sha512": "MQpH6AYvmhU0ked4lyEiDeVo1UgkY/he4oNg5ufMbQ3wzptvCAmuflyxgnEDro7Psr7uJAwdGlfMsbkEgBRgnA==",
            "content_md5": "43698d1383598f8c9d3391937cde7e9b",
            "content_sha1": "7d74a20909126d297ef827e415f05e6f4342f8f3",
            "content_sha256": "f06b04e0baba3b9b1d5af8a1e2dbcdf1925e8516cd027c4c2f499667b2270db5",
            "content_sha512": "310a47e8062f9a153491e7789721220de568d5482463f85ee28360e6e7cc6d0df0ce9b6f0809ae7e5cb1827103ae8ecfb2beee240c1d1a57ccb1b9048014609c",
            "directory_permission": "0777",
            "file_permission": "600",
            "filename": "./../id_rsa_mnaio.key",
            "id": "7d74a20909126d297ef827e415f05e6f4342f8f3",
            "sensitive_content": null,
            "source": null
          },
          "sensitive_attributes": [],
          "dependencies": [
            "openstack_compute_keypair_v2.dfw_user_key",
            "random_pet.pet_name"
          ]
        }
      ]
    },
    {
      "mode": "managed",
      "type": "openstack_compute_flavor_v2",
      "name": "t2-large-dfw",
      "provider": "provider[\"registry.terraform.io/terraform-provider-openstack/openstack\"].dfw3",
      "instances": [
        {
          "schema_version": 0,
          "attributes": {
            "disk": 20,
            "ephemeral": 0,
            "extra_specs": {},
            "flavor_id": "3070bb61-c623-4fe5-98b7-9022e7cfdb4d",
            "id": "3070bb61-c623-4fe5-98b7-9022e7cfdb4d",
            "is_public": true,
            "name": "t2.large",
            "ram": 8192,
            "region": "DFW3",
            "rx_tx_factor": 1,
            "swap": 0,
            "vcpus": 2
          },
          "sensitive_attributes": [],
          "private": "bnVsbA=="
        }
      ]
    },
    {
      "mode": "managed",
      "type": "openstack_compute_flavor_v2",
      "name": "t2-large-ord",
      "provider": "provider[\"registry.terraform.io/terraform-provider-openstack/openstack\"].ord1",
      "instances": [
        {
          "schema_version": 0,
          "attributes": {
            "disk": 20,
            "ephemeral": 0,
            "extra_specs": {},
            "flavor_id": "90f025ee-f077-4e7b-a034-8f01674b8b82",
            "id": "90f025ee-f077-4e7b-a034-8f01674b8b82",
            "is_public": true,
            "name": "t2.large",
            "ram": 8192,
            "region": "ORD1",
            "rx_tx_factor": 1,
            "swap": 0,
            "vcpus": 2
          },
          "sensitive_attributes": [],
          "private": "bnVsbA=="
        }
      ]
    },
    {
      "mode": "managed",
      "type": "openstack_compute_flavor_v2",
      "name": "t2-medium-dfw",
      "provider": "provider[\"registry.terraform.io/terraform-provider-openstack/openstack\"].dfw3",
      "instances": [
        {
          "schema_version": 0,
          "attributes": {
            "disk": 20,
            "ephemeral": 0,
            "extra_specs": {},
            "flavor_id": "c35a0ab7-2798-49ba-8734-193415b70ba7",
            "id": "c35a0ab7-2798-49ba-8734-193415b70ba7",
            "is_public": true,
            "name": "t2.medium",
            "ram": 4096,
            "region": "DFW3",
            "rx_tx_factor": 1,
            "swap": 0,
            "vcpus": 2
          },
          "sensitive_attributes": [],
          "private": "bnVsbA=="
        }
      ]
    },
    {
      "mode": "managed",
      "type": "openstack_compute_flavor_v2",
      "name": "t2-medium-ord",
      "provider": "provider[\"registry.terraform.io/terraform-provider-openstack/openstack\"].ord1",
      "instances": [
        {
          "schema_version": 0,
          "attributes": {
            "disk": 20,
            "ephemeral": 0,
            "extra_specs": {},
            "flavor_id": "7c148eee-e3bd-4495-88c6-80ce7dda3edb",
            "id": "7c148eee-e3bd-4495-88c6-80ce7dda3edb",
            "is_public": true,
            "name": "t2.medium",
            "ram": 4096,
            "region": "ORD1",
            "rx_tx_factor": 1,
            "swap": 0,
            "vcpus": 2
          },
          "sensitive_attributes": [],
          "private": "bnVsbA=="
        }
      ]
    },
    {
      "mode": "managed",
      "type": "openstack_compute_flavor_v2",
      "name": "t2-small-dfw",
      "provider": "provider[\"registry.terraform.io/terraform-provider-openstack/openstack\"].dfw3",
      "instances": [
        {
          "schema_version": 0,
          "attributes": {
            "disk": 20,
            "ephemeral": 0,
            "extra_specs": {},
            "flavor_id": "58f450e4-4141-471a-8abe-54dee5728dde",
            "id": "58f450e4-4141-471a-8abe-54dee5728dde",
            "is_public": true,
            "name": "t2.small",
            "ram": 2048,
            "region": "DFW3",
            "rx_tx_factor": 1,
            "swap": 0,
            "vcpus": 1
          },
          "sensitive_attributes": [],
          "private": "bnVsbA=="
        }
      ]
    },
    {
      "mode": "managed",
      "type": "openstack_compute_flavor_v2",
      "name": "t2-small-ord",
      "provider": "provider[\"registry.terraform.io/terraform-provider-openstack/openstack\"].ord1",
      "instances": [
        {
          "schema_version": 0,
          "attributes": {
            "disk": 20,
            "ephemeral": 0,
            "extra_specs": {},
            "flavor_id": "c6b386c9-26d7-4830-bfd3-552af1671535",
            "id": "c6b386c9-26d7-4830-bfd3-552af1671535",
            "is_public": true,
            "name": "t2.small",
            "ram": 2048,
            "region": "ORD1",
            "rx_tx_factor": 1,
            "swap": 0,
            "vcpus": 1
          },
          "sensitive_attributes": [],
          "private": "bnVsbA=="
        }
      ]
    },
    {
      "mode": "managed",
      "type": "openstack_compute_flavor_v2",
      "name": "t2-xlarge-dfw",
      "provider": "provider[\"registry.terraform.io/terraform-provider-openstack/openstack\"].dfw3",
      "instances": [
        {
          "schema_version": 0,
          "attributes": {
            "disk": 20,
            "ephemeral": 0,
            "extra_specs": {},
            "flavor_id": "ecaf8f09-e5aa-4d64-8248-a549a0a4a488",
            "id": "ecaf8f09-e5aa-4d64-8248-a549a0a4a488",
            "is_public": true,
            "name": "t2.xlarge",
            "ram": 16384,
            "region": "DFW3",
            "rx_tx_factor": 1,
            "swap": 0,
            "vcpus": 4
          },
          "sensitive_attributes": [],
          "private": "bnVsbA=="
        }
      ]
    },
    {
      "mode": "managed",
      "type": "openstack_compute_flavor_v2",
      "name": "t2-xlarge-ord",
      "provider": "provider[\"registry.terraform.io/terraform-provider-openstack/openstack\"].ord1",
      "instances": [
        {
          "schema_version": 0,
          "attributes": {
            "disk": 20,
            "ephemeral": 0,
            "extra_specs": {},
            "flavor_id": "e0abc719-31f8-4c80-bc16-1b15f5eca6d9",
            "id": "e0abc719-31f8-4c80-bc16-1b15f5eca6d9",
            "is_public": true,
            "name": "t2.xlarge",
            "ram": 16384,
            "region": "ORD1",
            "rx_tx_factor": 1,
            "swap": 0,
            "vcpus": 4
          },
          "sensitive_attributes": [],
          "private": "bnVsbA=="
        }
      ]
    },
    {
      "mode": "managed",
      "type": "openstack_compute_floatingip_associate_v2",
      "name": "node01-dfw-float-associate",
      "provider": "provider[\"registry.terraform.io/terraform-provider-openstack/openstack\"].dfw3",
      "instances": []
    },
    {
      "mode": "managed",
      "type": "openstack_compute_floatingip_associate_v2",
      "name": "node01-ord-float-associate",
      "provider": "provider[\"registry.terraform.io/terraform-provider-openstack/openstack\"].ord1",
      "instances": [
        {
          "schema_version": 0,
          "attributes": {
            "fixed_ip": "172.16.100.131",
            "floating_ip": "161.47.161.241",
            "id": "161.47.161.241/76bce81c-4254-460b-b336-06b8319020fe/172.16.100.131",
            "instance_id": "76bce81c-4254-460b-b336-06b8319020fe",
            "region": "ORD1",
            "timeouts": null,
            "wait_until_associated": null
          },
          "sensitive_attributes": [],
          "private": "eyJlMmJmYjczMC1lY2FhLTExZTYtOGY4OC0zNDM2M2JjN2M0YzAiOnsiY3JlYXRlIjo2MDAwMDAwMDAwMDB9fQ==",
          "dependencies": [
            "openstack_compute_flavor_v2.t2-medium-ord",
            "openstack_compute_instance_v2.node01-ord",
            "openstack_compute_keypair_v2.ord_user_key",
            "openstack_networking_floatingip_v2.node01-ord-float",
            "openstack_networking_network_v2.ord1_tenant_network_1",
            "openstack_networking_port_v2.node01-ord-port-1",
            "openstack_networking_router_interface_v2.ord1-tenant-router-interface-1",
            "openstack_networking_router_v2.ord1_tenant_router_1",
            "openstack_networking_secgroup_v2.secgrp-demo-ord1",
            "openstack_networking_subnet_v2.ord1_tenant_network_1",
            "random_pet.pet_name"
          ]
        }
      ]
    },
    {
      "mode": "managed",
      "type": "openstack_compute_instance_v2",
      "name": "node01-dfw",
      "provider": "provider[\"registry.terraform.io/terraform-provider-openstack/openstack\"].dfw3",
      "instances": [
        {
          "status": "tainted",
          "schema_version": 0,
          "attributes": {
            "access_ip_v4": null,
            "access_ip_v6": null,
            "admin_pass": null,
            "all_metadata": null,
            "all_tags": [],
            "availability_zone": null,
            "availability_zone_hints": null,
            "block_device": [],
            "config_drive": true,
            "flavor_id": "c35a0ab7-2798-49ba-8734-193415b70ba7",
            "flavor_name": null,
            "floating_ip": null,
            "force_delete": false,
            "id": "d1f9190a-f64b-471f-a92d-5ff876c1b18a",
            "image_id": null,
            "image_name": "ospcv2-ubuntu-22.04-jammy-cloud-image",
            "key_pair": "growing-wallaby-user-key",
            "metadata": null,
            "name": "growing-wallaby-node01-dfw",
            "network": [
              {
                "access_network": false,
                "fixed_ip_v4": "",
                "fixed_ip_v6": "",
                "floating_ip": "",
                "mac": "",
                "name": "",
                "port": "a0de56f1-5eed-4c17-ac92-9ac8539d323d",
                "uuid": ""
              }
            ],
            "network_mode": null,
            "personality": [],
            "power_state": "active",
            "region": null,
            "scheduler_hints": [],
            "security_groups": [],
            "stop_before_destroy": false,
            "tags": null,
            "timeouts": null,
            "user_data": "8c4f537276b655e050e4af4ec620b8df9f6befd3",
            "vendor_options": [],
            "volume": []
          },
          "sensitive_attributes": [],
          "private": "eyJlMmJmYjczMC1lY2FhLTExZTYtOGY4OC0zNDM2M2JjN2M0YzAiOnsiY3JlYXRlIjoxODAwMDAwMDAwMDAwLCJkZWxldGUiOjE4MDAwMDAwMDAwMDAsInVwZGF0ZSI6MTgwMDAwMDAwMDAwMH19",
          "dependencies": [
            "openstack_compute_flavor_v2.t2-medium-dfw",
            "openstack_compute_keypair_v2.dfw_user_key",
            "openstack_networking_network_v2.dfw3_tenant_network_1",
            "openstack_networking_port_v2.node01-dfw-port-1",
            "openstack_networking_secgroup_v2.secgrp-demo-dfw3",
            "openstack_networking_subnet_v2.dfw3_tenant_network_1",
            "random_pet.pet_name"
          ]
        }
      ]
    },
    {
      "mode": "managed",
      "type": "openstack_compute_instance_v2",
      "name": "node01-ord",
      "provider": "provider[\"registry.terraform.io/terraform-provider-openstack/openstack\"].ord1",
      "instances": [
        {
          "schema_version": 0,
          "attributes": {
            "access_ip_v4": "172.16.100.131",
            "access_ip_v6": "",
            "admin_pass": null,
            "all_metadata": {},
            "all_tags": [],
            "availability_zone": "nova",
            "availability_zone_hints": null,
            "block_device": [],
            "config_drive": true,
            "flavor_id": "7c148eee-e3bd-4495-88c6-80ce7dda3edb",
            "flavor_name": "t2.medium",
            "floating_ip": null,
            "force_delete": false,
            "id": "76bce81c-4254-460b-b336-06b8319020fe",
            "image_id": "e8b6ee34-6a33-4925-8d46-f97e01acc23e",
            "image_name": "ospcv2-ubuntu-22.04-jammy-cloud-image",
            "key_pair": "growing-wallaby-user-key",
            "metadata": null,
            "name": "growing-wallaby-node01-ord",
            "network": [
              {
                "access_network": false,
                "fixed_ip_v4": "172.16.100.131",
                "fixed_ip_v6": "",
                "floating_ip": "",
                "mac": "fa:16:3e:fc:99:e5",
                "name": "growing-wallaby-ord1-tenant-network-1",
                "port": "cce3d2e9-a922-4657-8918-39f9bd7f5ee9",
                "uuid": "d0583dd8-3c71-4b13-9f50-2746d44207b1"
              }
            ],
            "network_mode": null,
            "personality": [],
            "power_state": "active",
            "region": "ORD1",
            "scheduler_hints": [],
            "security_groups": [
              "decgrp-demo"
            ],
            "stop_before_destroy": false,
            "tags": null,
            "timeouts": null,
            "user_data": "8c4f537276b655e050e4af4ec620b8df9f6befd3",
            "vendor_options": [],
            "volume": []
          },
          "sensitive_attributes": [],
          "private": "eyJlMmJmYjczMC1lY2FhLTExZTYtOGY4OC0zNDM2M2JjN2M0YzAiOnsiY3JlYXRlIjoxODAwMDAwMDAwMDAwLCJkZWxldGUiOjE4MDAwMDAwMDAwMDAsInVwZGF0ZSI6MTgwMDAwMDAwMDAwMH19",
          "dependencies": [
            "openstack_compute_flavor_v2.t2-medium-ord",
            "openstack_compute_keypair_v2.ord_user_key",
            "openstack_networking_network_v2.ord1_tenant_network_1",
            "openstack_networking_port_v2.node01-ord-port-1",
            "openstack_networking_secgroup_v2.secgrp-demo-ord1",
            "openstack_networking_subnet_v2.ord1_tenant_network_1",
            "random_pet.pet_name"
          ]
        }
      ]
    },
    {
      "mode": "managed",
      "type": "openstack_compute_keypair_v2",
      "name": "dfw_user_key",
      "provider": "provider[\"registry.terraform.io/terraform-provider-openstack/openstack\"].dfw3",
      "instances": [
        {
          "schema_version": 0,
          "attributes": {
            "fingerprint": "4a:ca:84:66:48:63:37:ae:b6:cf:b3:19:8d:e3:45:20",
            "id": "growing-wallaby-user-key",
            "name": "growing-wallaby-user-key",
            "private_key": "-----BEGIN RSA PRIVATE KEY-----\nMIIEogIBAAKCAQEAqwVya44b79fynvKimP3KOCVz1KPhNfmSqCwfTEBaqL56MCML\nq3mfc3HTVCVZct58EPYw9cFMtJp7TC51+BrHs3vt91ROfRM2LodmJQHzenlrrv5o\nPfeKlc4pbAijd5UWzqDTzdu1r0ZCZoRWldfVGhqvhPoJA72ciD6kcjQI8LOVu2f4\nLU34yiYwr/zeiFKZnfDWkuQ6JdDkE4drEKgMk/4EBi/3pBVN9HTTGFnypoPdUoxP\n6g2L4EerpOIVc7Lpgc3HFR0hifn8f9XRtJTW0mLx1sX9WZjyRefDmblOKxhyASv3\n+eBZXDcwvtDoS3lbgs/Gjtt85mfbWFsyoZ/BiwIDAQABAoIBAH0bQPaZQKqVqLDK\nAlQ04+dqzm8xayCW78gCburS8P8cSDpKiNDp6dED5Xpa0DKNuuiVkH9W5ov/rk6u\ndjIHNSuBbzVNARXSJgKnnftYkAp6JGIhTZR3L3QjGn4jW6Gw+LwzPn4LSb9sgEqK\naOS4vPWZq+h1GH8aCBZK7PV2R0v8gU3t8ylzjapDRyGP+BoE1fQWK1yH4T9yTpO9\nb8oPRGmweBXxDAqy3X9RNiHGzVnjUTegvvpWpY72mdBvoe+/SIKq2LHBNjIMo5Zd\n/4YwXNfxAg7WOrF87e1+nWM3PzPvy1loI57lCJdhTaeIUbW8E0sf3Iyyd9Z6Circ\nawV8vKECgYEA1UEp2AYqIz3sJKOvbq/Pcgl0z7+BJyOk6zO4QoIyd66KsXSJVf58\n12aqrXnhZ99bU+TTvpLPuhIsHdh0FmnQZFhYcCK9EYo0yVHhdQY9DNLSaiKhTkCb\n80JfkHh5mX2izOXE/56aVqQJMNkGtgq00oDk+SBmQaayFirXth8eIjkCgYEAzU0l\nlrs60kJqSjhUF5GH6DwL2fUFYjC/bMTKMedfLGGCph+sJyHWO5HSnmkOrh+oCMnB\n+SPzEuN0iujXHP+E5tOu+FKTy2s5RHbgei1QHZiq7hQxnpPsPjaWkdkP7w507ug6\ne/dPJ7NaY5j+QKjR5ohjYGaXo16gyAu4Z34useMCgYB7QNxkZLu5/rIbQxfEC40E\nRf7ji7Wj33AUGKJonkN49MJoaghuUVXqUQZYmVbz6B4q0NipDsVMr/Abl90QjzvI\no18KAKnyF0UHDnIWZvKmFLtUaIt+ZM09vaDqKRdu5TRQ5IQFka92X/yH5QeB85Ir\nECBG9LjlPOk08rIWKsoJ0QKBgCdeDsIrnujosWcQDBgE4RHISeF+mYytmldqGPee\nzWI+RIZEdod+do0vtjqIHLeI/HjK73YtzZOmqBdm9LDr0nlMyDV36D1Oj0mwnfTv\nsXgraUOD/cvRw7BeWVsYS3TkyclyIJza3IPZYZDNqpuNg8p4Bs5afeNm5t/VV4QI\n7z1PAoGAJF0saWSVl5CbyDb3pR98Y5q/6UIw/4RMuUd4Bg7KlsAhBaEjT6IwNJe1\ncb0Iq1WiOibW0VTjVxwrBBdKJbSPn8vEEIiXVWSy6pYPn0J853yO4Z01IdjHzPAH\nk8oZevcYSiaGvDNQKzTn9lOKwUk8O9J15Rotqt5oVda5xkNZtKw=\n-----END RSA PRIVATE KEY-----\n",
            "public_key": "ssh-rsa AAAAB3NzaC1yc2EAAAADAQABAAABAQCrBXJrjhvv1/Ke8qKY/co4JXPUo+E1+ZKoLB9MQFqovnowIwureZ9zcdNUJVly3nwQ9jD1wUy0mntMLnX4Gseze+33VE59EzYuh2YlAfN6eWuu/mg994qVzilsCKN3lRbOoNPN27WvRkJmhFaV19UaGq+E+gkDvZyIPqRyNAjws5W7Z/gtTfjKJjCv/N6IUpmd8NaS5Dol0OQTh2sQqAyT/gQGL/ekFU30dNMYWfKmg91SjE/qDYvgR6uk4hVzsumBzccVHSGJ+fx/1dG0lNbSYvHWxf1ZmPJF58OZuU4rGHIBK/f54FlcNzC+0OhLeVuCz8aO23zmZ9tYWzKhn8GL Generated-by-Nova",
            "region": "DFW3",
            "user_id": "",
            "value_specs": null
          },
          "sensitive_attributes": [],
          "private": "bnVsbA==",
          "dependencies": [
            "random_pet.pet_name"
          ]
        }
      ]
    },
    {
      "mode": "managed",
      "type": "openstack_compute_keypair_v2",
      "name": "ord_user_key",
      "provider": "provider[\"registry.terraform.io/terraform-provider-openstack/openstack\"].ord1",
      "instances": [
        {
          "schema_version": 0,
          "attributes": {
            "fingerprint": "b1:95:e1:81:ca:c9:90:16:31:49:92:fd:be:6d:46:87",
            "id": "growing-wallaby-user-key",
            "name": "growing-wallaby-user-key",
            "private_key": "-----BEGIN RSA PRIVATE KEY-----\nMIIEogIBAAKCAQEA1SutsHQ9PxIP8Qq3Z3pEFsvFwXTCV1U9wZyxfvGq1sFdKxSo\nlbQ/Ls/uYxC4UboRCw/43IiMmRfO7sS+ssVGQotMMOFyvy4wyawgFRVIphSfFBBl\nr65K/+hNAf363XR3fPU/lANRKghHjpArCvfl6ir482Aloq/6oDvbKRZN6Eu4n3Gk\nxZvFBIxU9Dh9i5owvboC+JEC4rFmTHZKMYvDi8VHySkD888oqua9rHXN4kf5YBA5\nYBrr5HLV7AgsPXF0N91FJuraEhVXcmGxA0rmIXNBsGyeXaLhvDoWWxNjGUhtdyAx\nGl+HnRiaRJnlD4ffMNCjY7EMRPje4FXoqs+3OQIDAQABAoIBABLxjr3flpHESSZi\njWnks6hS83/9oEeii5ppElz1nPj4tg7eBx1Gp1bBo62qDrc0kc8p3DO87sGsG/ec\nBFZesZ+4QU0Wu9vBfxRs92zoN0yLCJf/3Ql/s6qKOk2zBFgpwXSZVs0QfmX91l4U\n8b5HyWbF6tm18aJDgUI8D33XPZUm++vLf9pR/PYMqMUBg6HPrNUL7HTpe4ggNgEt\nYYOzx6O6BJH/50ORKfqTgMiAAw67hmEWEk/oVMV2FLYWCz1aOJCaNjqExmov852Z\nuO922aHafizXDDqvKXGjhXvyFTtmAMymrdXUlJGWYJAB340sx1fzt3hukkDBgaEh\ns/HrYAECgYEA9urGQhkqQ38tvIb5eFme/jDs2RnTN1omST/Xk7zvK0M3jU8yjGYe\nNhAL6376i/ekqt6ONMJGR36czt7t6HzEkTOr1fB/CRnm7rSWrxQGTwPr3ETbNZas\n/igZY1H6OFabaxtT37h3MbVvY3L4zZ7d2exy5Zmejx4RqvIwDkm/qNECgYEA3QMc\nzrm5oBzb1YpVJWaVR3D86/F4JjAdezrjhHlNU7vSSWuzPyMfeR8va6wKONQx2ehY\nX8hDjrFQqEZM1/+7ZVqTmH/InESPj4fBk9EJHQ/8JGUCPczKGmaL/ZvBNAOWq7yG\nOwfHht1VbWU26cSEjBeSg5XDP/6mZQuKM4niQekCgYABMrZvj6uy1CUmqwj+2oB4\n/0fG7ecmd5uD83laUCpg7VyRpPa706sF3CISrHUOxM7ZvWa3PtIUerrMDizdWe2i\nPrvwt9AF/UgvlFS+2LwHGh/E29isc+S2/v7Qio9KQrFSXbmUdlKtvRGjS+WFKeYt\nroYIMyyfySeQysgM6bKyYQKBgGVowzQbxg+wjjI6Sf1iR4bDUloUrxOeqjhb+f9U\nBWYxXTjxIQsMW6mg5IpcI0iWHNWmpb41TsJPm/nKYAIQRnUoDWdA4tTJJLIwEWN4\n29yo9AHjExc2O1nHyd4xNIJgTyc31sOJO0Unk8YhVgQHduYs/r4/3pojh0f/9obV\ncqrZAoGAa8a85BfqhvzcOdOUZH5Mhk2bbvVef64SsAYaFl+LMlTbBzcbINEQpYWY\nS3ZD9ljugCsa3I3RB+Na0v4us3YZCchgHgwxVVn5xI5W0kCjgkUSTkOtAYrhvVWl\nes5emCcRIfyiATC6anclNYs4E2YU/8VK8ve+brxLR5Am6pB2W6M=\n-----END RSA PRIVATE KEY-----\n",
            "public_key": "ssh-rsa AAAAB3NzaC1yc2EAAAADAQABAAABAQDVK62wdD0/Eg/xCrdnekQWy8XBdMJXVT3BnLF+8arWwV0rFKiVtD8uz+5jELhRuhELD/jciIyZF87uxL6yxUZCi0ww4XK/LjDJrCAVFUimFJ8UEGWvrkr/6E0B/frddHd89T+UA1EqCEeOkCsK9+XqKvjzYCWir/qgO9spFk3oS7ifcaTFm8UEjFT0OH2LmjC9ugL4kQLisWZMdkoxi8OLxUfJKQPzzyiq5r2sdc3iR/lgEDlgGuvkctXsCCw9cXQ33UUm6toSFVdyYbEDSuYhc0GwbJ5douG8OhZbE2MZSG13IDEaX4edGJpEmeUPh98w0KNjsQxE+N7gVeiqz7c5 Generated-by-Nova",
            "region": "ORD1",
            "user_id": "",
            "value_specs": null
          },
          "sensitive_attributes": [],
          "private": "bnVsbA==",
          "dependencies": [
            "random_pet.pet_name"
          ]
        }
      ]
    },
    {
      "mode": "managed",
      "type": "openstack_networking_floatingip_v2",
      "name": "node01-dfw-float",
      "provider": "provider[\"registry.terraform.io/terraform-provider-openstack/openstack\"].dfw3",
      "instances": [
        {
          "schema_version": 0,
          "attributes": {
            "address": "209.61.135.109",
            "all_tags": [],
            "description": "",
            "dns_domain": "",
            "dns_name": "",
            "fixed_ip": "",
            "id": "2278d050-82a3-408c-be1c-925264765b8a",
            "pool": "ext_network",
            "port_id": "",
            "region": "DFW3",
            "subnet_id": null,
            "subnet_ids": null,
            "tags": null,
            "tenant_id": "f3b5887e9d8841c0a73dc031835784db",
            "timeouts": null,
            "value_specs": null
          },
          "sensitive_attributes": [],
          "private": "eyJlMmJmYjczMC1lY2FhLTExZTYtOGY4OC0zNDM2M2JjN2M0YzAiOnsiY3JlYXRlIjo2MDAwMDAwMDAwMDAsImRlbGV0ZSI6NjAwMDAwMDAwMDAwfX0="
        }
      ]
    },
    {
      "mode": "managed",
      "type": "openstack_networking_floatingip_v2",
      "name": "node01-ord-float",
      "provider": "provider[\"registry.terraform.io/terraform-provider-openstack/openstack\"].ord1",
      "instances": [
        {
          "schema_version": 0,
          "attributes": {
            "address": "161.47.161.241",
            "all_tags": [],
            "description": "",
            "dns_domain": "",
            "dns_name": "",
            "fixed_ip": "",
            "id": "0a996d9a-64a4-4446-b081-c3950bbf0b55",
            "pool": "ext_network",
            "port_id": "",
            "region": "ORD1",
            "subnet_id": null,
            "subnet_ids": null,
            "tags": null,
            "tenant_id": "f3b5887e9d8841c0a73dc031835784db",
            "timeouts": null,
            "value_specs": null
          },
          "sensitive_attributes": [],
          "private": "eyJlMmJmYjczMC1lY2FhLTExZTYtOGY4OC0zNDM2M2JjN2M0YzAiOnsiY3JlYXRlIjo2MDAwMDAwMDAwMDAsImRlbGV0ZSI6NjAwMDAwMDAwMDAwfX0="
        }
      ]
    },
    {
      "mode": "managed",
      "type": "openstack_networking_network_v2",
      "name": "dfw3_tenant_network_1",
      "provider": "provider[\"registry.terraform.io/terraform-provider-openstack/openstack\"].dfw3",
      "instances": [
        {
          "schema_version": 0,
          "attributes": {
            "admin_state_up": true,
            "all_tags": [],
            "availability_zone_hints": [],
            "description": "",
            "dns_domain": "",
            "external": false,
            "id": "1146a50a-b5e3-4f58-a36c-6f9789e8e2f7",
            "mtu": 1450,
            "name": "growing-wallaby-dfw3-tenant-network-1",
            "port_security_enabled": true,
            "qos_policy_id": "",
            "region": "DFW3",
            "segments": [],
            "shared": false,
            "tags": null,
            "tenant_id": "f3b5887e9d8841c0a73dc031835784db",
            "timeouts": null,
            "transparent_vlan": false,
            "value_specs": null
          },
          "sensitive_attributes": [],
          "private": "eyJlMmJmYjczMC1lY2FhLTExZTYtOGY4OC0zNDM2M2JjN2M0YzAiOnsiY3JlYXRlIjo2MDAwMDAwMDAwMDAsImRlbGV0ZSI6NjAwMDAwMDAwMDAwfX0=",
          "dependencies": [
            "random_pet.pet_name"
          ]
        }
      ]
    },
    {
      "mode": "managed",
      "type": "openstack_networking_network_v2",
      "name": "dfw3_tenant_network_2",
      "provider": "provider[\"registry.terraform.io/terraform-provider-openstack/openstack\"].dfw3",
      "instances": [
        {
          "schema_version": 0,
          "attributes": {
            "admin_state_up": true,
            "all_tags": [],
            "availability_zone_hints": [],
            "description": "",
            "dns_domain": "",
            "external": false,
            "id": "18c9170f-04e7-4e76-90e3-650cb3b1767f",
            "mtu": 1450,
            "name": "growing-wallaby-dfw3-tenant-network-2",
            "port_security_enabled": true,
            "qos_policy_id": "",
            "region": "DFW3",
            "segments": [],
            "shared": false,
            "tags": null,
            "tenant_id": "f3b5887e9d8841c0a73dc031835784db",
            "timeouts": null,
            "transparent_vlan": false,
            "value_specs": null
          },
          "sensitive_attributes": [],
          "private": "eyJlMmJmYjczMC1lY2FhLTExZTYtOGY4OC0zNDM2M2JjN2M0YzAiOnsiY3JlYXRlIjo2MDAwMDAwMDAwMDAsImRlbGV0ZSI6NjAwMDAwMDAwMDAwfX0=",
          "dependencies": [
            "random_pet.pet_name"
          ]
        }
      ]
    },
    {
      "mode": "managed",
      "type": "openstack_networking_network_v2",
      "name": "ord1_tenant_network_1",
      "provider": "provider[\"registry.terraform.io/terraform-provider-openstack/openstack\"].ord1",
      "instances": [
        {
          "schema_version": 0,
          "attributes": {
            "admin_state_up": true,
            "all_tags": [],
            "availability_zone_hints": [],
            "description": "",
            "dns_domain": "",
            "external": false,
            "id": "d0583dd8-3c71-4b13-9f50-2746d44207b1",
            "mtu": 1450,
            "name": "growing-wallaby-ord1-tenant-network-1",
            "port_security_enabled": true,
            "qos_policy_id": "",
            "region": "ORD1",
            "segments": [],
            "shared": false,
            "tags": null,
            "tenant_id": "f3b5887e9d8841c0a73dc031835784db",
            "timeouts": null,
            "transparent_vlan": false,
            "value_specs": null
          },
          "sensitive_attributes": [],
          "private": "eyJlMmJmYjczMC1lY2FhLTExZTYtOGY4OC0zNDM2M2JjN2M0YzAiOnsiY3JlYXRlIjo2MDAwMDAwMDAwMDAsImRlbGV0ZSI6NjAwMDAwMDAwMDAwfX0=",
          "dependencies": [
            "random_pet.pet_name"
          ]
        }
      ]
    },
    {
      "mode": "managed",
      "type": "openstack_networking_port_v2",
      "name": "node01-dfw-port-1",
      "provider": "provider[\"registry.terraform.io/terraform-provider-openstack/openstack\"].dfw3",
      "instances": [
        {
          "schema_version": 0,
          "attributes": {
            "admin_state_up": true,
            "all_fixed_ips": [
              "192.168.1.169"
            ],
            "all_security_group_ids": [
              "fcce2971-3a0a-47d6-9c30-ebdd2e7bfdb8"
            ],
            "all_tags": [],
            "allowed_address_pairs": [],
            "binding": [
              {
                "host_id": "",
                "profile": "{}",
                "vif_details": {},
                "vif_type": "unbound",
                "vnic_type": "normal"
              }
            ],
            "description": "",
            "device_id": "",
            "device_owner": "",
            "dns_assignment": [],
            "dns_name": "",
            "extra_dhcp_option": [],
            "fixed_ip": [
              {
                "ip_address": "",
                "subnet_id": "3721d259-42b2-46b7-a14c-a52524bdbbc0"
              }
            ],
            "id": "a0de56f1-5eed-4c17-ac92-9ac8539d323d",
            "mac_address": "fa:16:3e:17:c9:d5",
            "name": "growing-wallaby-node01-dfw-1",
            "network_id": "1146a50a-b5e3-4f58-a36c-6f9789e8e2f7",
            "no_fixed_ip": null,
            "no_security_groups": null,
            "port_security_enabled": true,
            "qos_policy_id": "",
            "region": "DFW3",
            "security_group_ids": [
              "fcce2971-3a0a-47d6-9c30-ebdd2e7bfdb8"
            ],
            "tags": null,
            "tenant_id": "f3b5887e9d8841c0a73dc031835784db",
            "timeouts": null,
            "value_specs": null
          },
          "sensitive_attributes": [],
          "private": "eyJlMmJmYjczMC1lY2FhLTExZTYtOGY4OC0zNDM2M2JjN2M0YzAiOnsiY3JlYXRlIjo2MDAwMDAwMDAwMDAsImRlbGV0ZSI6NjAwMDAwMDAwMDAwfX0=",
          "dependencies": [
            "openstack_networking_network_v2.dfw3_tenant_network_1",
            "openstack_networking_secgroup_v2.secgrp-demo-dfw3",
            "openstack_networking_subnet_v2.dfw3_tenant_network_1",
            "random_pet.pet_name"
          ]
        }
      ]
    },
    {
      "mode": "managed",
      "type": "openstack_networking_port_v2",
      "name": "node01-ord-port-1",
      "provider": "provider[\"registry.terraform.io/terraform-provider-openstack/openstack\"].ord1",
      "instances": [
        {
          "schema_version": 0,
          "attributes": {
            "admin_state_up": true,
            "all_fixed_ips": [
              "172.16.100.131"
            ],
            "all_security_group_ids": [
              "6c90e31a-e494-425a-a4ed-c1fb12c2aa75"
            ],
            "all_tags": [],
            "allowed_address_pairs": [],
            "binding": [
              {
                "host_id": "",
                "profile": "{}",
                "vif_details": {},
                "vif_type": "unbound",
                "vnic_type": "normal"
              }
            ],
            "description": "",
            "device_id": "",
            "device_owner": "",
            "dns_assignment": [],
            "dns_name": "",
            "extra_dhcp_option": [],
            "fixed_ip": [
              {
                "ip_address": "",
                "subnet_id": "9ec9526f-1c76-449e-80d2-f41cc5a03b32"
              }
            ],
            "id": "cce3d2e9-a922-4657-8918-39f9bd7f5ee9",
            "mac_address": "fa:16:3e:fc:99:e5",
            "name": "growing-wallaby-node01-ord-1",
            "network_id": "d0583dd8-3c71-4b13-9f50-2746d44207b1",
            "no_fixed_ip": null,
            "no_security_groups": null,
            "port_security_enabled": true,
            "qos_policy_id": "",
            "region": "ORD1",
            "security_group_ids": [
              "6c90e31a-e494-425a-a4ed-c1fb12c2aa75"
            ],
            "tags": null,
            "tenant_id": "f3b5887e9d8841c0a73dc031835784db",
            "timeouts": null,
            "value_specs": null
          },
          "sensitive_attributes": [],
          "private": "eyJlMmJmYjczMC1lY2FhLTExZTYtOGY4OC0zNDM2M2JjN2M0YzAiOnsiY3JlYXRlIjo2MDAwMDAwMDAwMDAsImRlbGV0ZSI6NjAwMDAwMDAwMDAwfX0=",
          "dependencies": [
            "openstack_networking_network_v2.ord1_tenant_network_1",
            "openstack_networking_secgroup_v2.secgrp-demo-ord1",
            "openstack_networking_subnet_v2.ord1_tenant_network_1",
            "random_pet.pet_name"
          ]
        }
      ]
    },
    {
      "mode": "managed",
      "type": "openstack_networking_router_interface_v2",
      "name": "dfw3-tenant-router-interface-1",
      "provider": "provider[\"registry.terraform.io/terraform-provider-openstack/openstack\"].dfw3",
      "instances": [
        {
          "schema_version": 0,
          "attributes": {
            "id": "47018c29-6ac5-4c8b-a987-f587d60b51d3",
            "port_id": "47018c29-6ac5-4c8b-a987-f587d60b51d3",
            "region": "DFW3",
            "router_id": "e52bed03-7def-4ca3-ab7a-8d0953311bbb",
            "subnet_id": "3721d259-42b2-46b7-a14c-a52524bdbbc0",
            "timeouts": null
          },
          "sensitive_attributes": [],
          "private": "eyJlMmJmYjczMC1lY2FhLTExZTYtOGY4OC0zNDM2M2JjN2M0YzAiOnsiY3JlYXRlIjo2MDAwMDAwMDAwMDAsImRlbGV0ZSI6NjAwMDAwMDAwMDAwfX0=",
          "dependencies": [
            "openstack_networking_network_v2.dfw3_tenant_network_1",
            "openstack_networking_router_v2.dfw3_tenant_router_1",
            "openstack_networking_subnet_v2.dfw3_tenant_network_1",
            "random_pet.pet_name"
          ]
        }
      ]
    },
    {
      "mode": "managed",
      "type": "openstack_networking_router_interface_v2",
      "name": "dfw3-tenant-router-interface-2",
      "provider": "provider[\"registry.terraform.io/terraform-provider-openstack/openstack\"].dfw3",
      "instances": [
        {
          "schema_version": 0,
          "attributes": {
            "id": "f8200f12-2344-4d1d-ade0-c4f00364af9e",
            "port_id": "f8200f12-2344-4d1d-ade0-c4f00364af9e",
            "region": "DFW3",
            "router_id": "e52bed03-7def-4ca3-ab7a-8d0953311bbb",
            "subnet_id": "41636a13-6b51-477c-aaa8-b73f682e4d5a",
            "timeouts": null
          },
          "sensitive_attributes": [],
          "private": "eyJlMmJmYjczMC1lY2FhLTExZTYtOGY4OC0zNDM2M2JjN2M0YzAiOnsiY3JlYXRlIjo2MDAwMDAwMDAwMDAsImRlbGV0ZSI6NjAwMDAwMDAwMDAwfX0=",
          "dependencies": [
            "openstack_networking_network_v2.dfw3_tenant_network_2",
            "openstack_networking_router_v2.dfw3_tenant_router_1",
            "openstack_networking_subnet_v2.dfw3_tenant_network_2",
            "random_pet.pet_name"
          ]
        }
      ]
    },
    {
      "mode": "managed",
      "type": "openstack_networking_router_interface_v2",
      "name": "ord1-tenant-router-interface-1",
      "provider": "provider[\"registry.terraform.io/terraform-provider-openstack/openstack\"].ord1",
      "instances": [
        {
          "schema_version": 0,
          "attributes": {
            "id": "2186bdc1-7519-4009-9bd8-e374f1706760",
            "port_id": "2186bdc1-7519-4009-9bd8-e374f1706760",
            "region": "ORD1",
            "router_id": "4c405805-26da-4ed3-9918-e0432921d7d6",
            "subnet_id": "9ec9526f-1c76-449e-80d2-f41cc5a03b32",
            "timeouts": null
          },
          "sensitive_attributes": [],
          "private": "eyJlMmJmYjczMC1lY2FhLTExZTYtOGY4OC0zNDM2M2JjN2M0YzAiOnsiY3JlYXRlIjo2MDAwMDAwMDAwMDAsImRlbGV0ZSI6NjAwMDAwMDAwMDAwfX0=",
          "dependencies": [
            "openstack_networking_network_v2.ord1_tenant_network_1",
            "openstack_networking_router_v2.ord1_tenant_router_1",
            "openstack_networking_subnet_v2.ord1_tenant_network_1",
            "random_pet.pet_name"
          ]
        }
      ]
    },
    {
      "mode": "managed",
      "type": "openstack_networking_router_v2",
      "name": "dfw3_tenant_router_1",
      "provider": "provider[\"registry.terraform.io/terraform-provider-openstack/openstack\"].dfw3",
      "instances": [
        {
          "schema_version": 0,
          "attributes": {
            "admin_state_up": true,
            "all_tags": [],
            "availability_zone_hints": [],
            "description": "",
            "distributed": false,
            "enable_snat": true,
            "external_fixed_ip": [
              {
                "ip_address": "209.61.135.98",
                "subnet_id": "9f4715f6-25c3-4183-a1cb-b42f15ffe47a"
              }
            ],
            "external_gateway": "dd2b8693-99d1-451a-9cc2-e8c996ca1e08",
            "external_network_id": "dd2b8693-99d1-451a-9cc2-e8c996ca1e08",
            "external_subnet_ids": null,
            "id": "e52bed03-7def-4ca3-ab7a-8d0953311bbb",
            "name": "growing-wallaby-dfw3-demo-tenant-router",
            "region": "DFW3",
            "tags": null,
            "tenant_id": "f3b5887e9d8841c0a73dc031835784db",
            "timeouts": null,
            "value_specs": null,
            "vendor_options": []
          },
          "sensitive_attributes": [],
          "private": "eyJlMmJmYjczMC1lY2FhLTExZTYtOGY4OC0zNDM2M2JjN2M0YzAiOnsiY3JlYXRlIjo2MDAwMDAwMDAwMDAsImRlbGV0ZSI6NjAwMDAwMDAwMDAwfX0=",
          "dependencies": [
            "random_pet.pet_name"
          ]
        }
      ]
    },
    {
      "mode": "managed",
      "type": "openstack_networking_router_v2",
      "name": "ord1_tenant_router_1",
      "provider": "provider[\"registry.terraform.io/terraform-provider-openstack/openstack\"].ord1",
      "instances": [
        {
          "schema_version": 0,
          "attributes": {
            "admin_state_up": true,
            "all_tags": [],
            "availability_zone_hints": [],
            "description": "",
            "distributed": false,
            "enable_snat": true,
            "external_fixed_ip": [
              {
                "ip_address": "161.47.161.243",
                "subnet_id": "cf920d39-1799-4f1e-9ed3-52d9f0574c35"
              }
            ],
            "external_gateway": "1692d064-d011-4589-a39d-0e64b15e88da",
            "external_network_id": "1692d064-d011-4589-a39d-0e64b15e88da",
            "external_subnet_ids": null,
            "id": "4c405805-26da-4ed3-9918-e0432921d7d6",
            "name": "growing-wallaby-ord1-demo-tenant-router",
            "region": "ORD1",
            "tags": null,
            "tenant_id": "f3b5887e9d8841c0a73dc031835784db",
            "timeouts": null,
            "value_specs": null,
            "vendor_options": []
          },
          "sensitive_attributes": [],
          "private": "eyJlMmJmYjczMC1lY2FhLTExZTYtOGY4OC0zNDM2M2JjN2M0YzAiOnsiY3JlYXRlIjo2MDAwMDAwMDAwMDAsImRlbGV0ZSI6NjAwMDAwMDAwMDAwfX0=",
          "dependencies": [
            "random_pet.pet_name"
          ]
        }
      ]
    },
    {
      "mode": "managed",
      "type": "openstack_networking_secgroup_rule_v2",
      "name": "all-icmp-dfw3",
      "provider": "provider[\"registry.terraform.io/terraform-provider-openstack/openstack\"].dfw3",
      "instances": [
        {
          "schema_version": 0,
          "attributes": {
            "description": "",
            "direction": "ingress",
            "ethertype": "IPv4",
            "id": "0492f2c0-dead-40fa-80d0-6a1876871ab1",
            "port_range_max": 0,
            "port_range_min": 0,
            "protocol": "icmp",
            "region": "DFW3",
            "remote_group_id": "",
            "remote_ip_prefix": "0.0.0.0/0",
            "security_group_id": "fcce2971-3a0a-47d6-9c30-ebdd2e7bfdb8",
            "tenant_id": "f3b5887e9d8841c0a73dc031835784db",
            "timeouts": null
          },
          "sensitive_attributes": [],
          "private": "eyJlMmJmYjczMC1lY2FhLTExZTYtOGY4OC0zNDM2M2JjN2M0YzAiOnsiZGVsZXRlIjo2MDAwMDAwMDAwMDB9fQ==",
          "dependencies": [
            "openstack_networking_secgroup_v2.secgrp-demo-dfw3"
          ]
        }
      ]
    },
    {
      "mode": "managed",
      "type": "openstack_networking_secgroup_rule_v2",
      "name": "all-icmp-ord1",
      "provider": "provider[\"registry.terraform.io/terraform-provider-openstack/openstack\"].ord1",
      "instances": [
        {
          "schema_version": 0,
          "attributes": {
            "description": "",
            "direction": "ingress",
            "ethertype": "IPv4",
            "id": "820b6993-2dd5-4473-bf5e-beb65edd1c75",
            "port_range_max": 0,
            "port_range_min": 0,
            "protocol": "icmp",
            "region": "ORD1",
            "remote_group_id": "",
            "remote_ip_prefix": "0.0.0.0/0",
            "security_group_id": "6c90e31a-e494-425a-a4ed-c1fb12c2aa75",
            "tenant_id": "f3b5887e9d8841c0a73dc031835784db",
            "timeouts": null
          },
          "sensitive_attributes": [],
          "private": "eyJlMmJmYjczMC1lY2FhLTExZTYtOGY4OC0zNDM2M2JjN2M0YzAiOnsiZGVsZXRlIjo2MDAwMDAwMDAwMDB9fQ==",
          "dependencies": [
            "openstack_networking_secgroup_v2.secgrp-demo-ord1"
          ]
        }
      ]
    },
    {
      "mode": "managed",
      "type": "openstack_networking_secgroup_rule_v2",
      "name": "all-tcp-22-dfw3",
      "provider": "provider[\"registry.terraform.io/terraform-provider-openstack/openstack\"].dfw3",
      "instances": [
        {
          "schema_version": 0,
          "attributes": {
            "description": "",
            "direction": "ingress",
            "ethertype": "IPv4",
            "id": "c41ebe93-9883-4a42-9eb2-1cfd6b80572f",
            "port_range_max": 22,
            "port_range_min": 22,
            "protocol": "tcp",
            "region": "DFW3",
            "remote_group_id": "",
            "remote_ip_prefix": "0.0.0.0/0",
            "security_group_id": "fcce2971-3a0a-47d6-9c30-ebdd2e7bfdb8",
            "tenant_id": "f3b5887e9d8841c0a73dc031835784db",
            "timeouts": null
          },
          "sensitive_attributes": [],
          "private": "eyJlMmJmYjczMC1lY2FhLTExZTYtOGY4OC0zNDM2M2JjN2M0YzAiOnsiZGVsZXRlIjo2MDAwMDAwMDAwMDB9fQ==",
          "dependencies": [
            "openstack_networking_secgroup_v2.secgrp-demo-dfw3"
          ]
        }
      ]
    },
    {
      "mode": "managed",
      "type": "openstack_networking_secgroup_rule_v2",
      "name": "all-tcp-22-ord1",
      "provider": "provider[\"registry.terraform.io/terraform-provider-openstack/openstack\"].ord1",
      "instances": [
        {
          "schema_version": 0,
          "attributes": {
            "description": "",
            "direction": "ingress",
            "ethertype": "IPv4",
            "id": "cdb0ed3d-b703-4db1-8c48-c8fc4d3f3c74",
            "port_range_max": 22,
            "port_range_min": 22,
            "protocol": "tcp",
            "region": "ORD1",
            "remote_group_id": "",
            "remote_ip_prefix": "0.0.0.0/0",
            "security_group_id": "6c90e31a-e494-425a-a4ed-c1fb12c2aa75",
            "tenant_id": "f3b5887e9d8841c0a73dc031835784db",
            "timeouts": null
          },
          "sensitive_attributes": [],
          "private": "eyJlMmJmYjczMC1lY2FhLTExZTYtOGY4OC0zNDM2M2JjN2M0YzAiOnsiZGVsZXRlIjo2MDAwMDAwMDAwMDB9fQ==",
          "dependencies": [
            "openstack_networking_secgroup_v2.secgrp-demo-ord1"
          ]
        }
      ]
    },
    {
      "mode": "managed",
      "type": "openstack_networking_secgroup_rule_v2",
      "name": "all-udp-4500-dfw3",
      "provider": "provider[\"registry.terraform.io/terraform-provider-openstack/openstack\"].dfw3",
      "instances": [
        {
          "schema_version": 0,
          "attributes": {
            "description": "",
            "direction": "ingress",
            "ethertype": "IPv4",
            "id": "2b714ca2-2d2b-4ffb-befa-8b097e0bb826",
            "port_range_max": 4500,
            "port_range_min": 4500,
            "protocol": "udp",
            "region": "DFW3",
            "remote_group_id": "",
            "remote_ip_prefix": "0.0.0.0/0",
            "security_group_id": "fcce2971-3a0a-47d6-9c30-ebdd2e7bfdb8",
            "tenant_id": "f3b5887e9d8841c0a73dc031835784db",
            "timeouts": null
          },
          "sensitive_attributes": [],
          "private": "eyJlMmJmYjczMC1lY2FhLTExZTYtOGY4OC0zNDM2M2JjN2M0YzAiOnsiZGVsZXRlIjo2MDAwMDAwMDAwMDB9fQ==",
          "dependencies": [
            "openstack_networking_secgroup_v2.secgrp-demo-dfw3"
          ]
        }
      ]
    },
    {
      "mode": "managed",
      "type": "openstack_networking_secgroup_rule_v2",
      "name": "all-udp-4500-ord1",
      "provider": "provider[\"registry.terraform.io/terraform-provider-openstack/openstack\"].ord1",
      "instances": [
        {
          "schema_version": 0,
          "attributes": {
            "description": "",
            "direction": "ingress",
            "ethertype": "IPv4",
            "id": "22d57102-efbe-4be0-b002-b87caeaa08b5",
            "port_range_max": 4500,
            "port_range_min": 4500,
            "protocol": "udp",
            "region": "ORD1",
            "remote_group_id": "",
            "remote_ip_prefix": "0.0.0.0/0",
            "security_group_id": "6c90e31a-e494-425a-a4ed-c1fb12c2aa75",
            "tenant_id": "f3b5887e9d8841c0a73dc031835784db",
            "timeouts": null
          },
          "sensitive_attributes": [],
          "private": "eyJlMmJmYjczMC1lY2FhLTExZTYtOGY4OC0zNDM2M2JjN2M0YzAiOnsiZGVsZXRlIjo2MDAwMDAwMDAwMDB9fQ==",
          "dependencies": [
            "openstack_networking_secgroup_v2.secgrp-demo-ord1"
          ]
        }
      ]
    },
    {
      "mode": "managed",
      "type": "openstack_networking_secgroup_rule_v2",
      "name": "all-udp-500-dfw3",
      "provider": "provider[\"registry.terraform.io/terraform-provider-openstack/openstack\"].dfw3",
      "instances": [
        {
          "schema_version": 0,
          "attributes": {
            "description": "",
            "direction": "ingress",
            "ethertype": "IPv4",
            "id": "e62f3164-483a-48b3-9b68-8e37d1bb4da6",
            "port_range_max": 500,
            "port_range_min": 500,
            "protocol": "udp",
            "region": "DFW3",
            "remote_group_id": "",
            "remote_ip_prefix": "0.0.0.0/0",
            "security_group_id": "fcce2971-3a0a-47d6-9c30-ebdd2e7bfdb8",
            "tenant_id": "f3b5887e9d8841c0a73dc031835784db",
            "timeouts": null
          },
          "sensitive_attributes": [],
          "private": "eyJlMmJmYjczMC1lY2FhLTExZTYtOGY4OC0zNDM2M2JjN2M0YzAiOnsiZGVsZXRlIjo2MDAwMDAwMDAwMDB9fQ==",
          "dependencies": [
            "openstack_networking_secgroup_v2.secgrp-demo-dfw3"
          ]
        }
      ]
    },
    {
      "mode": "managed",
      "type": "openstack_networking_secgroup_rule_v2",
      "name": "all-udp-500-ord1",
      "provider": "provider[\"registry.terraform.io/terraform-provider-openstack/openstack\"].ord1",
      "instances": [
        {
          "schema_version": 0,
          "attributes": {
            "description": "",
            "direction": "ingress",
            "ethertype": "IPv4",
            "id": "4122137c-c639-43df-9fe0-4d2d535e255e",
            "port_range_max": 500,
            "port_range_min": 500,
            "protocol": "udp",
            "region": "ORD1",
            "remote_group_id": "",
            "remote_ip_prefix": "0.0.0.0/0",
            "security_group_id": "6c90e31a-e494-425a-a4ed-c1fb12c2aa75",
            "tenant_id": "f3b5887e9d8841c0a73dc031835784db",
            "timeouts": null
          },
          "sensitive_attributes": [],
          "private": "eyJlMmJmYjczMC1lY2FhLTExZTYtOGY4OC0zNDM2M2JjN2M0YzAiOnsiZGVsZXRlIjo2MDAwMDAwMDAwMDB9fQ==",
          "dependencies": [
            "openstack_networking_secgroup_v2.secgrp-demo-ord1"
          ]
        }
      ]
    },
    {
      "mode": "managed",
      "type": "openstack_networking_secgroup_v2",
      "name": "secgrp-demo-dfw3",
      "provider": "provider[\"registry.terraform.io/terraform-provider-openstack/openstack\"].dfw3",
      "instances": [
        {
          "schema_version": 0,
          "attributes": {
            "all_tags": [],
            "delete_default_rules": null,
            "description": "Security Group for Demo",
            "id": "fcce2971-3a0a-47d6-9c30-ebdd2e7bfdb8",
            "name": "secgrp-demo",
            "region": "DFW3",
            "tags": null,
            "tenant_id": "f3b5887e9d8841c0a73dc031835784db",
            "timeouts": null
          },
          "sensitive_attributes": [],
          "private": "eyJlMmJmYjczMC1lY2FhLTExZTYtOGY4OC0zNDM2M2JjN2M0YzAiOnsiZGVsZXRlIjo2MDAwMDAwMDAwMDB9fQ=="
        }
      ]
    },
    {
      "mode": "managed",
      "type": "openstack_networking_secgroup_v2",
      "name": "secgrp-demo-ord1",
      "provider": "provider[\"registry.terraform.io/terraform-provider-openstack/openstack\"].ord1",
      "instances": [
        {
          "schema_version": 0,
          "attributes": {
            "all_tags": [],
            "delete_default_rules": null,
            "description": "Security Group for Demo",
            "id": "6c90e31a-e494-425a-a4ed-c1fb12c2aa75",
            "name": "decgrp-demo",
            "region": "ORD1",
            "tags": null,
            "tenant_id": "f3b5887e9d8841c0a73dc031835784db",
            "timeouts": null
          },
          "sensitive_attributes": [],
          "private": "eyJlMmJmYjczMC1lY2FhLTExZTYtOGY4OC0zNDM2M2JjN2M0YzAiOnsiZGVsZXRlIjo2MDAwMDAwMDAwMDB9fQ=="
        }
      ]
    },
    {
      "mode": "managed",
      "type": "openstack_networking_subnet_v2",
      "name": "dfw3_tenant_network_1",
      "provider": "provider[\"registry.terraform.io/terraform-provider-openstack/openstack\"].dfw3",
      "instances": [
        {
          "schema_version": 0,
          "attributes": {
            "all_tags": [],
            "allocation_pool": [
              {
                "end": "192.168.1.254",
                "start": "192.168.1.2"
              }
            ],
            "allocation_pools": [
              {
                "end": "192.168.1.254",
                "start": "192.168.1.2"
              }
            ],
            "cidr": "192.168.1.0/24",
            "description": "",
            "dns_nameservers": [
              "1.1.1.1",
              "1.0.0.1"
            ],
            "enable_dhcp": true,
            "gateway_ip": "192.168.1.1",
            "host_routes": [],
            "id": "3721d259-42b2-46b7-a14c-a52524bdbbc0",
            "ip_version": 4,
            "ipv6_address_mode": "",
            "ipv6_ra_mode": "",
            "name": "growing-wallaby-dfw3-tenant-network-1-192.168.1.0/24",
            "network_id": "1146a50a-b5e3-4f58-a36c-6f9789e8e2f7",
            "no_gateway": false,
            "prefix_length": null,
            "region": "DFW3",
            "subnetpool_id": "",
            "tags": null,
            "tenant_id": "f3b5887e9d8841c0a73dc031835784db",
            "timeouts": null,
            "value_specs": null
          },
          "sensitive_attributes": [],
          "private": "eyJlMmJmYjczMC1lY2FhLTExZTYtOGY4OC0zNDM2M2JjN2M0YzAiOnsiY3JlYXRlIjo2MDAwMDAwMDAwMDAsImRlbGV0ZSI6NjAwMDAwMDAwMDAwfX0=",
          "dependencies": [
            "openstack_networking_network_v2.dfw3_tenant_network_1",
            "random_pet.pet_name"
          ]
        }
      ]
    },
    {
      "mode": "managed",
      "type": "openstack_networking_subnet_v2",
      "name": "dfw3_tenant_network_2",
      "provider": "provider[\"registry.terraform.io/terraform-provider-openstack/openstack\"].dfw3",
      "instances": [
        {
          "schema_version": 0,
          "attributes": {
            "all_tags": [],
            "allocation_pool": [
              {
                "end": "192.168.2.254",
                "start": "192.168.2.2"
              }
            ],
            "allocation_pools": [
              {
                "end": "192.168.2.254",
                "start": "192.168.2.2"
              }
            ],
            "cidr": "192.168.2.0/24",
            "description": "",
            "dns_nameservers": [
              "1.1.1.1",
              "1.0.0.1"
            ],
            "enable_dhcp": true,
            "gateway_ip": "192.168.2.1",
            "host_routes": [],
            "id": "41636a13-6b51-477c-aaa8-b73f682e4d5a",
            "ip_version": 4,
            "ipv6_address_mode": "",
            "ipv6_ra_mode": "",
            "name": "growing-wallaby-dfw3-tenant-network-2-192.168.2.0/24",
            "network_id": "18c9170f-04e7-4e76-90e3-650cb3b1767f",
            "no_gateway": false,
            "prefix_length": null,
            "region": "DFW3",
            "subnetpool_id": "",
            "tags": null,
            "tenant_id": "f3b5887e9d8841c0a73dc031835784db",
            "timeouts": null,
            "value_specs": null
          },
          "sensitive_attributes": [],
          "private": "eyJlMmJmYjczMC1lY2FhLTExZTYtOGY4OC0zNDM2M2JjN2M0YzAiOnsiY3JlYXRlIjo2MDAwMDAwMDAwMDAsImRlbGV0ZSI6NjAwMDAwMDAwMDAwfX0=",
          "dependencies": [
            "openstack_networking_network_v2.dfw3_tenant_network_2",
            "random_pet.pet_name"
          ]
        }
      ]
    },
    {
      "mode": "managed",
      "type": "openstack_networking_subnet_v2",
      "name": "ord1_tenant_network_1",
      "provider": "provider[\"registry.terraform.io/terraform-provider-openstack/openstack\"].ord1",
      "instances": [
        {
          "schema_version": 0,
          "attributes": {
            "all_tags": [],
            "allocation_pool": [
              {
                "end": "172.16.100.254",
                "start": "172.16.100.2"
              }
            ],
            "allocation_pools": [
              {
                "end": "172.16.100.254",
                "start": "172.16.100.2"
              }
            ],
            "cidr": "172.16.100.0/24",
            "description": "",
            "dns_nameservers": [
              "1.1.1.1",
              "1.0.0.1"
            ],
            "enable_dhcp": true,
            "gateway_ip": "172.16.100.1",
            "host_routes": [],
            "id": "9ec9526f-1c76-449e-80d2-f41cc5a03b32",
            "ip_version": 4,
            "ipv6_address_mode": "",
            "ipv6_ra_mode": "",
            "name": "growing-wallaby-ord1-tenant-network-1-172.16.100.0/24",
            "network_id": "d0583dd8-3c71-4b13-9f50-2746d44207b1",
            "no_gateway": false,
            "prefix_length": null,
            "region": "ORD1",
            "subnetpool_id": "",
            "tags": null,
            "tenant_id": "f3b5887e9d8841c0a73dc031835784db",
            "timeouts": null,
            "value_specs": null
          },
          "sensitive_attributes": [],
          "private": "eyJlMmJmYjczMC1lY2FhLTExZTYtOGY4OC0zNDM2M2JjN2M0YzAiOnsiY3JlYXRlIjo2MDAwMDAwMDAwMDAsImRlbGV0ZSI6NjAwMDAwMDAwMDAwfX0=",
          "dependencies": [
            "openstack_networking_network_v2.ord1_tenant_network_1",
            "random_pet.pet_name"
          ]
        }
      ]
    },
    {
      "mode": "managed",
      "type": "openstack_vpnaas_endpoint_group_v2",
      "name": "ipsec-epg-dfw-local",
      "provider": "provider[\"registry.terraform.io/terraform-provider-openstack/openstack\"].dfw3",
      "instances": [
        {
          "schema_version": 0,
          "attributes": {
            "description": "",
            "endpoints": [
              "3721d259-42b2-46b7-a14c-a52524bdbbc0",
              "41636a13-6b51-477c-aaa8-b73f682e4d5a"
            ],
            "id": "e4b12873-ea2d-445f-86de-38f74a1619b4",
            "name": "growing-wallaby-epg-local",
            "region": "DFW3",
            "tenant_id": "f3b5887e9d8841c0a73dc031835784db",
            "timeouts": null,
            "type": "subnet",
            "value_specs": null
          },
          "sensitive_attributes": [],
          "private": "eyJlMmJmYjczMC1lY2FhLTExZTYtOGY4OC0zNDM2M2JjN2M0YzAiOnsiY3JlYXRlIjo2MDAwMDAwMDAwMDAsImRlbGV0ZSI6NjAwMDAwMDAwMDAwLCJ1cGRhdGUiOjYwMDAwMDAwMDAwMH19",
          "dependencies": [
            "openstack_networking_network_v2.dfw3_tenant_network_1",
            "openstack_networking_network_v2.dfw3_tenant_network_2",
            "openstack_networking_subnet_v2.dfw3_tenant_network_1",
            "openstack_networking_subnet_v2.dfw3_tenant_network_2",
            "random_pet.pet_name"
          ]
        }
      ]
    },
    {
      "mode": "managed",
      "type": "openstack_vpnaas_endpoint_group_v2",
      "name": "ipsec-epg-dfw-remote",
      "provider": "provider[\"registry.terraform.io/terraform-provider-openstack/openstack\"].dfw3",
      "instances": [
        {
          "schema_version": 0,
          "attributes": {
            "description": "",
            "endpoints": [
              "172.16.100.0/24"
            ],
            "id": "1f9802cc-82d5-4031-ac59-8be198c05601",
            "name": "growing-wallaby-epg-remote",
            "region": "DFW3",
            "tenant_id": "f3b5887e9d8841c0a73dc031835784db",
            "timeouts": null,
            "type": "cidr",
            "value_specs": null
          },
          "sensitive_attributes": [],
          "private": "eyJlMmJmYjczMC1lY2FhLTExZTYtOGY4OC0zNDM2M2JjN2M0YzAiOnsiY3JlYXRlIjo2MDAwMDAwMDAwMDAsImRlbGV0ZSI6NjAwMDAwMDAwMDAwLCJ1cGRhdGUiOjYwMDAwMDAwMDAwMH19",
          "dependencies": [
            "random_pet.pet_name"
          ]
        }
      ]
    },
    {
      "mode": "managed",
      "type": "openstack_vpnaas_endpoint_group_v2",
      "name": "ipsec-epg-ord-local",
      "provider": "provider[\"registry.terraform.io/terraform-provider-openstack/openstack\"].ord1",
      "instances": [
        {
          "schema_version": 0,
          "attributes": {
            "description": "",
            "endpoints": [
              "9ec9526f-1c76-449e-80d2-f41cc5a03b32"
            ],
            "id": "3dada51a-3f61-416b-be14-b55a2f119dc7",
            "name": "growing-wallaby-epg-local",
            "region": "ORD1",
            "tenant_id": "f3b5887e9d8841c0a73dc031835784db",
            "timeouts": null,
            "type": "subnet",
            "value_specs": null
          },
          "sensitive_attributes": [],
          "private": "eyJlMmJmYjczMC1lY2FhLTExZTYtOGY4OC0zNDM2M2JjN2M0YzAiOnsiY3JlYXRlIjo2MDAwMDAwMDAwMDAsImRlbGV0ZSI6NjAwMDAwMDAwMDAwLCJ1cGRhdGUiOjYwMDAwMDAwMDAwMH19",
          "dependencies": [
            "openstack_networking_network_v2.ord1_tenant_network_1",
            "openstack_networking_subnet_v2.ord1_tenant_network_1",
            "random_pet.pet_name"
          ]
        }
      ]
    },
    {
      "mode": "managed",
      "type": "openstack_vpnaas_endpoint_group_v2",
      "name": "ipsec-epg-ord-remote",
      "provider": "provider[\"registry.terraform.io/terraform-provider-openstack/openstack\"].ord1",
      "instances": [
        {
          "schema_version": 0,
          "attributes": {
            "description": "",
            "endpoints": [
              "192.168.1.0/24",
              "192.168.2.0/24"
            ],
            "id": "ac191de9-dae6-46ae-b014-846b7a316732",
            "name": "growing-wallaby-epg-remote",
            "region": "ORD1",
            "tenant_id": "f3b5887e9d8841c0a73dc031835784db",
            "timeouts": null,
            "type": "cidr",
            "value_specs": null
          },
          "sensitive_attributes": [],
          "private": "eyJlMmJmYjczMC1lY2FhLTExZTYtOGY4OC0zNDM2M2JjN2M0YzAiOnsiY3JlYXRlIjo2MDAwMDAwMDAwMDAsImRlbGV0ZSI6NjAwMDAwMDAwMDAwLCJ1cGRhdGUiOjYwMDAwMDAwMDAwMH19",
          "dependencies": [
            "random_pet.pet_name"
          ]
        }
      ]
    },
    {
      "mode": "managed",
      "type": "openstack_vpnaas_ike_policy_v2",
      "name": "ike-policy-dfw",
      "provider": "provider[\"registry.terraform.io/terraform-provider-openstack/openstack\"].dfw3",
      "instances": [
        {
          "schema_version": 0,
          "attributes": {
            "auth_algorithm": "sha1",
            "description": "",
            "encryption_algorithm": "aes-128",
            "id": "217fe0a9-6a9b-483d-bdaf-1d46690a21fb",
            "ike_version": "v1",
            "lifetime": [
              {
                "units": "seconds",
                "value": 3600
              }
            ],
            "name": "growing-wallaby-ike-policy",
            "pfs": "group5",
            "phase1_negotiation_mode": "main",
            "region": "DFW3",
            "tenant_id": "f3b5887e9d8841c0a73dc031835784db",
            "timeouts": null,
            "value_specs": null
          },
          "sensitive_attributes": [],
          "private": "eyJlMmJmYjczMC1lY2FhLTExZTYtOGY4OC0zNDM2M2JjN2M0YzAiOnsiY3JlYXRlIjo2MDAwMDAwMDAwMDB9fQ==",
          "dependencies": [
            "random_pet.pet_name"
          ]
        }
      ]
    },
    {
      "mode": "managed",
      "type": "openstack_vpnaas_ike_policy_v2",
      "name": "ike-policy-ord",
      "provider": "provider[\"registry.terraform.io/terraform-provider-openstack/openstack\"].ord1",
      "instances": [
        {
          "schema_version": 0,
          "attributes": {
            "auth_algorithm": "sha1",
            "description": "",
            "encryption_algorithm": "aes-128",
            "id": "9d38fd93-c512-4526-b2af-e1d5219dfbcd",
            "ike_version": "v1",
            "lifetime": [
              {
                "units": "seconds",
                "value": 3600
              }
            ],
            "name": "growing-wallaby-ike-policy",
            "pfs": "group5",
            "phase1_negotiation_mode": "main",
            "region": "ORD1",
            "tenant_id": "f3b5887e9d8841c0a73dc031835784db",
            "timeouts": null,
            "value_specs": null
          },
          "sensitive_attributes": [],
          "private": "eyJlMmJmYjczMC1lY2FhLTExZTYtOGY4OC0zNDM2M2JjN2M0YzAiOnsiY3JlYXRlIjo2MDAwMDAwMDAwMDB9fQ==",
          "dependencies": [
            "random_pet.pet_name"
          ]
        }
      ]
    },
    {
      "mode": "managed",
      "type": "openstack_vpnaas_ipsec_policy_v2",
      "name": "ipsec-policy-dfw",
      "provider": "provider[\"registry.terraform.io/terraform-provider-openstack/openstack\"].dfw3",
      "instances": [
        {
          "schema_version": 0,
          "attributes": {
            "auth_algorithm": "sha1",
            "description": "",
            "encapsulation_mode": "tunnel",
            "encryption_algorithm": "aes-128",
            "id": "41e3de97-0d85-4ced-a231-deb375461d82",
            "lifetime": [
              {
                "units": "seconds",
                "value": 3600
              }
            ],
            "name": "growing-wallaby-ipsec-policy",
            "pfs": "group5",
            "region": "DFW3",
            "tenant_id": "f3b5887e9d8841c0a73dc031835784db",
            "timeouts": null,
            "transform_protocol": "esp",
            "value_specs": null
          },
          "sensitive_attributes": [],
          "private": "eyJlMmJmYjczMC1lY2FhLTExZTYtOGY4OC0zNDM2M2JjN2M0YzAiOnsiY3JlYXRlIjo2MDAwMDAwMDAwMDB9fQ==",
          "dependencies": [
            "random_pet.pet_name"
          ]
        }
      ]
    },
    {
      "mode": "managed",
      "type": "openstack_vpnaas_ipsec_policy_v2",
      "name": "ipsec-policy-ord",
      "provider": "provider[\"registry.terraform.io/terraform-provider-openstack/openstack\"].ord1",
      "instances": [
        {
          "schema_version": 0,
          "attributes": {
            "auth_algorithm": "sha1",
            "description": "",
            "encapsulation_mode": "tunnel",
            "encryption_algorithm": "aes-128",
            "id": "cd172eec-39f9-489b-854e-d20460f5a1f0",
            "lifetime": [
              {
                "units": "seconds",
                "value": 3600
              }
            ],
            "name": "growing-wallaby-ipsec-policy",
            "pfs": "group5",
            "region": "ORD1",
            "tenant_id": "f3b5887e9d8841c0a73dc031835784db",
            "timeouts": null,
            "transform_protocol": "esp",
            "value_specs": null
          },
          "sensitive_attributes": [],
          "private": "eyJlMmJmYjczMC1lY2FhLTExZTYtOGY4OC0zNDM2M2JjN2M0YzAiOnsiY3JlYXRlIjo2MDAwMDAwMDAwMDB9fQ==",
          "dependencies": [
            "random_pet.pet_name"
          ]
        }
      ]
    },
    {
      "mode": "managed",
      "type": "openstack_vpnaas_service_v2",
      "name": "ipsec-vpn-service-dfw",
      "provider": "provider[\"registry.terraform.io/terraform-provider-openstack/openstack\"].dfw3",
      "instances": [
        {
          "schema_version": 0,
          "attributes": {
            "admin_state_up": true,
            "description": "",
            "external_v4_ip": "209.61.135.98",
            "external_v6_ip": "",
            "id": "c7d18804-4200-4e63-b536-b9656cf5a3d7",
            "name": "growing-wallaby-vpn-service",
            "region": "DFW3",
            "router_id": "e52bed03-7def-4ca3-ab7a-8d0953311bbb",
            "status": "PENDING_CREATE",
            "subnet_id": "",
            "tenant_id": "f3b5887e9d8841c0a73dc031835784db",
            "timeouts": null,
            "value_specs": null
          },
          "sensitive_attributes": [],
          "private": "eyJlMmJmYjczMC1lY2FhLTExZTYtOGY4OC0zNDM2M2JjN2M0YzAiOnsiY3JlYXRlIjo2MDAwMDAwMDAwMDAsImRlbGV0ZSI6NjAwMDAwMDAwMDAwLCJ1cGRhdGUiOjYwMDAwMDAwMDAwMH19",
          "dependencies": [
            "openstack_networking_router_v2.dfw3_tenant_router_1",
            "random_pet.pet_name"
          ]
        }
      ]
    },
    {
      "mode": "managed",
      "type": "openstack_vpnaas_service_v2",
      "name": "ipsec-vpn-service-ord",
      "provider": "provider[\"registry.terraform.io/terraform-provider-openstack/openstack\"].ord1",
      "instances": [
        {
          "schema_version": 0,
          "attributes": {
            "admin_state_up": true,
            "description": "",
            "external_v4_ip": "161.47.161.243",
            "external_v6_ip": "",
            "id": "3eea0619-7f67-4d67-9c6a-a54c6037c21d",
            "name": "growing-wallaby-vpn-service",
            "region": "ORD1",
            "router_id": "4c405805-26da-4ed3-9918-e0432921d7d6",
            "status": "PENDING_CREATE",
            "subnet_id": "",
            "tenant_id": "f3b5887e9d8841c0a73dc031835784db",
            "timeouts": null,
            "value_specs": null
          },
          "sensitive_attributes": [],
          "private": "eyJlMmJmYjczMC1lY2FhLTExZTYtOGY4OC0zNDM2M2JjN2M0YzAiOnsiY3JlYXRlIjo2MDAwMDAwMDAwMDAsImRlbGV0ZSI6NjAwMDAwMDAwMDAwLCJ1cGRhdGUiOjYwMDAwMDAwMDAwMH19",
          "dependencies": [
            "openstack_networking_router_v2.ord1_tenant_router_1",
            "random_pet.pet_name"
          ]
        }
      ]
    },
    {
      "mode": "managed",
      "type": "openstack_vpnaas_site_connection_v2",
      "name": "ipsec-connection-dfw",
      "provider": "provider[\"registry.terraform.io/terraform-provider-openstack/openstack\"].dfw3",
      "instances": [
        {
          "schema_version": 0,
          "attributes": {
            "admin_state_up": true,
            "description": "",
            "dpd": [
              {
                "action": "restart",
                "interval": 21,
                "timeout": 42
              }
            ],
            "id": "ea99dd46-2ab1-450f-b5aa-6fb719982b68",
            "ikepolicy_id": "217fe0a9-6a9b-483d-bdaf-1d46690a21fb",
            "initiator": "bi-directional",
            "ipsecpolicy_id": "41e3de97-0d85-4ced-a231-deb375461d82",
            "local_ep_group_id": "e4b12873-ea2d-445f-86de-38f74a1619b4",
            "local_id": "",
            "mtu": 1500,
            "name": "growing-wallaby-ipsec-dfw-to-ord",
            "peer_address": "161.47.161.243",
            "peer_cidrs": null,
            "peer_ep_group_id": "1f9802cc-82d5-4031-ac59-8be198c05601",
            "peer_id": "161.47.161.243",
            "psk": "secret",
            "region": null,
            "tenant_id": "f3b5887e9d8841c0a73dc031835784db",
            "timeouts": null,
            "value_specs": null,
            "vpnservice_id": "c7d18804-4200-4e63-b536-b9656cf5a3d7"
          },
          "sensitive_attributes": [],
          "private": "eyJlMmJmYjczMC1lY2FhLTExZTYtOGY4OC0zNDM2M2JjN2M0YzAiOnsiY3JlYXRlIjo2MDAwMDAwMDAwMDAsImRlbGV0ZSI6NjAwMDAwMDAwMDAwLCJ1cGRhdGUiOjYwMDAwMDAwMDAwMH19",
          "dependencies": [
            "openstack_networking_network_v2.dfw3_tenant_network_1",
            "openstack_networking_network_v2.dfw3_tenant_network_2",
            "openstack_networking_router_interface_v2.dfw3-tenant-router-interface-1",
            "openstack_networking_router_interface_v2.dfw3-tenant-router-interface-2",
            "openstack_networking_router_v2.dfw3_tenant_router_1",
            "openstack_networking_router_v2.ord1_tenant_router_1",
            "openstack_networking_subnet_v2.dfw3_tenant_network_1",
            "openstack_networking_subnet_v2.dfw3_tenant_network_2",
            "openstack_vpnaas_endpoint_group_v2.ipsec-epg-dfw-local",
            "openstack_vpnaas_endpoint_group_v2.ipsec-epg-dfw-remote",
            "openstack_vpnaas_ike_policy_v2.ike-policy-dfw",
            "openstack_vpnaas_ipsec_policy_v2.ipsec-policy-dfw",
            "openstack_vpnaas_service_v2.ipsec-vpn-service-dfw",
            "random_pet.pet_name"
          ]
        }
      ]
    },
    {
      "mode": "managed",
      "type": "openstack_vpnaas_site_connection_v2",
      "name": "ipsec-connection-ord",
      "provider": "provider[\"registry.terraform.io/terraform-provider-openstack/openstack\"].ord1",
      "instances": [
        {
          "schema_version": 0,
          "attributes": {
            "admin_state_up": true,
            "description": "",
            "dpd": [
              {
                "action": "restart",
                "interval": 21,
                "timeout": 42
              }
            ],
            "id": "0cf7cbdd-bbc4-469e-a696-35a19c22393a",
            "ikepolicy_id": "9d38fd93-c512-4526-b2af-e1d5219dfbcd",
            "initiator": "bi-directional",
            "ipsecpolicy_id": "cd172eec-39f9-489b-854e-d20460f5a1f0",
            "local_ep_group_id": "3dada51a-3f61-416b-be14-b55a2f119dc7",
            "local_id": "",
            "mtu": 1500,
            "name": "growing-wallaby-ipsec-ord-to-dfw",
            "peer_address": "209.61.135.98",
            "peer_cidrs": null,
            "peer_ep_group_id": "ac191de9-dae6-46ae-b014-846b7a316732",
            "peer_id": "209.61.135.98",
            "psk": "secret",
            "region": null,
            "tenant_id": "f3b5887e9d8841c0a73dc031835784db",
            "timeouts": null,
            "value_specs": null,
            "vpnservice_id": "3eea0619-7f67-4d67-9c6a-a54c6037c21d"
          },
          "sensitive_attributes": [],
          "private": "eyJlMmJmYjczMC1lY2FhLTExZTYtOGY4OC0zNDM2M2JjN2M0YzAiOnsiY3JlYXRlIjo2MDAwMDAwMDAwMDAsImRlbGV0ZSI6NjAwMDAwMDAwMDAwLCJ1cGRhdGUiOjYwMDAwMDAwMDAwMH19",
          "dependencies": [
            "openstack_networking_network_v2.ord1_tenant_network_1",
            "openstack_networking_router_interface_v2.ord1-tenant-router-interface-1",
            "openstack_networking_router_v2.dfw3_tenant_router_1",
            "openstack_networking_router_v2.ord1_tenant_router_1",
            "openstack_networking_subnet_v2.ord1_tenant_network_1",
            "openstack_vpnaas_endpoint_group_v2.ipsec-epg-ord-local",
            "openstack_vpnaas_endpoint_group_v2.ipsec-epg-ord-remote",
            "openstack_vpnaas_ike_policy_v2.ike-policy-ord",
            "openstack_vpnaas_ipsec_policy_v2.ipsec-policy-ord",
            "openstack_vpnaas_service_v2.ipsec-vpn-service-ord",
            "random_pet.pet_name"
          ]
        }
      ]
    },
    {
      "mode": "managed",
      "type": "random_pet",
      "name": "pet_name",
      "provider": "provider[\"registry.terraform.io/hashicorp/random\"]",
      "instances": [
        {
          "schema_version": 0,
          "attributes": {
            "id": "growing-wallaby",
            "keepers": null,
            "length": 2,
            "prefix": null,
            "separator": "-"
          },
          "sensitive_attributes": []
        }
      ]
    }
  ],
  "check_results": null
}
