{
  "version": 4,
  "terraform_version": "1.5.5",
  "serial": 54,
  "lineage": "940c49d7-6e9a-e5c2-675b-5900c299a426",
  "outputs": {},
  "resources": [
    {
      "mode": "managed",
      "type": "local_file",
      "name": "private_key",
      "provider": "provider[\"registry.terraform.io/hashicorp/local\"]",
      "instances": [
        {
          "schema_version": 0,
          "attributes": {
            "content": "-----BEGIN RSA PRIVATE KEY-----\nMIIEoQIBAAKCAQEAvu/owJc8CsGFrmbL92uc2DnXtm2EkXS1menP6oGuuaVypm1Q\nMD/IeKW43XRUxqyH3vVezsNtMyXGa2ZAf4tFT8o9LngZyXbJY73yuqDvXeBNHGZI\nHAFys3sOpzqmS9L6YCL4baSJHdOwYCTD+LS0WLO748EU3DbgvSK3FlTm0dVjsxTJ\nl5/xSA27JC2+BUE0MsER+adhA1DL/c/87F88OFHYyQ0SuHpGuYWSFWa08u3zrqnF\nutwVaQ+huTqC9Qxs+II5+XEXbXYFTU6voye0vQgkVAQfuW0gtA3PuYKy4d0aym1Y\n3bXfWvjZboMpWuxqofOVbYzw/oNl1A+/NIPExQIDAQABAoIBAFDLjB4S4OFcSokm\nDqE/9Dq7H0Cezz4NuNrMSaLeBWWhUQaDsy73joke9z8eftEjKMt74QZ1Q7wk+/Vu\na1SNRmMhHQqQ37iUf1upgRDgEOoUhAzEazcOlc7E/8pb0wq62B/eLGmY+jyY20WT\nySlwre/q/lK93Wnh/u+JxRe6DYI0oTiP/DUdvlAdMzx1v84Y6xF3dPQPo7UHA8fP\naXvDt3Lz7Cjdl2DSZTgfp2Wt5AY1GFmhgWvzwvCQ6kyVZvRXe92pyLr3PSOg6ZjZ\nu0UmScZ2T+lk/944/xmsKNEI0E4jX9IoZTt2hBbhts6JRJzAXVfs1eKNkUW0mcBy\no75bc3ECgYEA+1yIbMqkKG+JjHc+YXnaOlvp7/Oww7cBpVVh7q/zF6U43MtezKMC\nyk0ZUFqaVBb3ss71TkJal+H00YMzytQ1x8HwoUtvq/Vlis1XcUu7wcnBfEqKf9W1\nnTg9XtzjdYmrPX/DhNarmXWZxpwmrD1Yk3vk6R/5tpVb0U+ziVKZqXMCgYEAwnXs\nXCmvD1rnCUFdIvrom7uRBvY6VjYqg5vPHn2Vbp8HtjIZDuVWWHjurgSZaAWQ3v9x\ndPJF52NmVcqT4yEvaSmqrubL10NaidgmBrTA2WQw/xvICpKVwIhgISFJhlFUaHKA\n2OcjrnRKdDC0HohIA61nWY9hWCRYqIVHmsn1KucCfzzgLCos6ZThbm6WcoUo/bEk\nkYOLgUPlDoD8LLuh4T3YxeyzVEI7OHHGOls7liTHazXi6YYKi+Y80w3quKBmxJ+c\nWKq3mlQLGoyDLqpBrTdBpZp0cxaCq3loJXTUCkJtFQvP5YpGc0i3MobnSnZsZQdS\n+h17oP6XLaWDp/eaCZ0CgYARfdf35kv33p5fh8Cf79/SekmuTaGrtY2XbwFvZa52\nV9myusjkPR7KMH6Pqpw97ho85M9IzK4bBSbkWqd4y7hfBj9zIhF92HIhag7plYKv\nS0LY/5+7y7mqqtmywTLC4TfteTc7y3a7L3yu/N6GzI1lv0hHlw0Th5lt9ycctkPW\nSwKBgQDUHYAddRROwlMB+dbdpGy0KxQItF+vuOdS3vU+bYlD7FK9rY/e+HzGFPLw\nqgVw5xvm3S1YW7qIgfsSwrCA3WnVVflQ6BQpsQyG87fZR55gBL6uOeUJCg9+wo1v\n7dAs8nycH1vKEhGEBt2H9F3+kGlNa7e51TQA2JVuTILbqgXN8A==\n-----END RSA PRIVATE KEY-----\n\n",
            "content_base64": null,
            "content_base64sha256": "NgCmJUT7zJyQHWBZ39b+/EwOkDGi3KiaJ8QvUuQOtdw=",
            "content_base64sha512": "WSD5yRokDPooAvLGpp7Gv3hC+/D2HBzoC7XyU5j1Wgmr8JGRyE6zxtcDrDpvQ80extXgdcuA/Dbr1TzSuU2BLg==",
            "content_md5": "4b29e6d2e895e00e46f3daa8db91ad9f",
            "content_sha1": "bf99661b01a063943c436c53cef78e8a8eacd99e",
            "content_sha256": "3600a62544fbcc9c901d6059dfd6fefc4c0e9031a2dca89a27c42f52e40eb5dc",
            "content_sha512": "5920f9c91a240cfa2802f2c6a69ec6bf7842fbf0f61c1ce80bb5f25398f55a09abf09191c84eb3c6d703ac3a6f43cd1ec6d5e075cb80fc36ebd53cd2b94d812e",
            "directory_permission": "0777",
            "file_permission": "600",
            "filename": "./../id_rsa_mnaio_cirros_dfw.key",
            "id": "bf99661b01a063943c436c53cef78e8a8eacd99e",
            "sensitive_content": null,
            "source": null
          },
          "sensitive_attributes": [],
          "dependencies": [
            "openstack_compute_keypair_v2.dfw_user_key",
            "random_pet.pet_name"
          ]
        }
      ]
    },
    {
      "mode": "managed",
      "type": "openstack_compute_flavor_v2",
      "name": "t2-tiny-dfw",
      "provider": "provider[\"registry.terraform.io/terraform-provider-openstack/openstack\"].dfw3",
      "instances": [
        {
          "schema_version": 0,
          "attributes": {
            "disk": 2,
            "ephemeral": 0,
            "extra_specs": {},
            "flavor_id": "ce70d7f1-f1e6-46e6-91a2-f7195eafc9cb",
            "id": "ce70d7f1-f1e6-46e6-91a2-f7195eafc9cb",
            "is_public": true,
            "name": "t2.tiny",
            "ram": 1024,
            "region": "DFW3",
            "rx_tx_factor": 1,
            "swap": 0,
            "vcpus": 1
          },
          "sensitive_attributes": [],
          "private": "bnVsbA=="
        }
      ]
    },
    {
      "mode": "managed",
      "type": "openstack_compute_floatingip_associate_v2",
      "name": "node01-dfw-float-associate",
      "provider": "provider[\"registry.terraform.io/terraform-provider-openstack/openstack\"].dfw3",
      "instances": [
        {
          "schema_version": 0,
          "attributes": {
            "fixed_ip": "192.168.1.192",
            "floating_ip": "209.61.135.85",
            "id": "209.61.135.85/be68de9a-3071-4521-a865-acdfcb467105/192.168.1.192",
            "instance_id": "be68de9a-3071-4521-a865-acdfcb467105",
            "region": "DFW3",
            "timeouts": null,
            "wait_until_associated": null
          },
          "sensitive_attributes": [],
          "private": "eyJlMmJmYjczMC1lY2FhLTExZTYtOGY4OC0zNDM2M2JjN2M0YzAiOnsiY3JlYXRlIjo2MDAwMDAwMDAwMDB9fQ==",
          "dependencies": [
            "openstack_compute_flavor_v2.t2-tiny-dfw",
            "openstack_compute_instance_v2.node01-dfw",
            "openstack_compute_keypair_v2.dfw_user_key",
            "openstack_networking_floatingip_v2.node01-dfw-float",
            "openstack_networking_network_v2.dfw3_tenant_network_1",
            "openstack_networking_port_v2.node01-dfw-port-1",
            "openstack_networking_router_interface_v2.dfw3-tenant-router-interface-1",
            "openstack_networking_router_v2.dfw3_tenant_router_1",
            "openstack_networking_secgroup_v2.secgrp-demo-dfw3",
            "openstack_networking_subnet_v2.dfw3_tenant_network_1",
            "random_pet.pet_name"
          ]
        }
      ]
    },
    {
      "mode": "managed",
      "type": "openstack_compute_instance_v2",
      "name": "node01-dfw",
      "provider": "provider[\"registry.terraform.io/terraform-provider-openstack/openstack\"].dfw3",
      "instances": [
        {
          "schema_version": 0,
          "attributes": {
            "access_ip_v4": "192.168.1.192",
            "access_ip_v6": "",
            "admin_pass": null,
            "all_metadata": {},
            "all_tags": [],
            "availability_zone": "nova",
            "availability_zone_hints": null,
            "block_device": [],
            "config_drive": true,
            "flavor_id": "ce70d7f1-f1e6-46e6-91a2-f7195eafc9cb",
            "flavor_name": "t2.tiny",
            "floating_ip": null,
            "force_delete": false,
            "id": "be68de9a-3071-4521-a865-acdfcb467105",
            "image_id": "eacd29d2-a127-4464-ad91-018ab74b96b4",
            "image_name": "cirros-0.6.2-x86_64-disk.img",
            "key_pair": "proven-robin-user-key-cirros-dfw",
            "metadata": null,
            "name": "proven-robin-node01-dfw",
            "network": [
              {
                "access_network": false,
                "fixed_ip_v4": "192.168.1.192",
                "fixed_ip_v6": "",
                "floating_ip": "",
                "mac": "fa:16:3e:24:91:f0",
                "name": "proven-robin-dfw3-tenant-network-1",
                "port": "943e7482-c28e-4487-a8ce-eb71d13292ab",
                "uuid": "f478f016-809f-4b1b-8955-451dac573471"
              }
            ],
            "network_mode": null,
            "personality": [],
            "power_state": "active",
            "region": "DFW3",
            "scheduler_hints": [],
            "security_groups": [
              "secgrp-demo"
            ],
            "stop_before_destroy": false,
            "tags": null,
            "timeouts": null,
            "user_data": "8c4f537276b655e050e4af4ec620b8df9f6befd3",
            "vendor_options": [],
            "volume": []
          },
          "sensitive_attributes": [],
          "private": "eyJlMmJmYjczMC1lY2FhLTExZTYtOGY4OC0zNDM2M2JjN2M0YzAiOnsiY3JlYXRlIjoxODAwMDAwMDAwMDAwLCJkZWxldGUiOjE4MDAwMDAwMDAwMDAsInVwZGF0ZSI6MTgwMDAwMDAwMDAwMH19",
          "dependencies": [
            "openstack_compute_flavor_v2.t2-tiny-dfw",
            "openstack_compute_keypair_v2.dfw_user_key",
            "openstack_networking_network_v2.dfw3_tenant_network_1",
            "openstack_networking_port_v2.node01-dfw-port-1",
            "openstack_networking_secgroup_v2.secgrp-demo-dfw3",
            "openstack_networking_subnet_v2.dfw3_tenant_network_1",
            "random_pet.pet_name"
          ]
        }
      ]
    },
    {
      "mode": "managed",
      "type": "openstack_compute_keypair_v2",
      "name": "dfw_user_key",
      "provider": "provider[\"registry.terraform.io/terraform-provider-openstack/openstack\"].dfw3",
      "instances": [
        {
          "schema_version": 0,
          "attributes": {
            "fingerprint": "a2:ac:44:10:1c:46:ed:c9:c0:d7:9b:75:f6:1a:fd:97",
            "id": "proven-robin-user-key-cirros-dfw",
            "name": "proven-robin-user-key-cirros-dfw",
            "private_key": "-----BEGIN RSA PRIVATE KEY-----\nMIIEoQIBAAKCAQEAvu/owJc8CsGFrmbL92uc2DnXtm2EkXS1menP6oGuuaVypm1Q\nMD/IeKW43XRUxqyH3vVezsNtMyXGa2ZAf4tFT8o9LngZyXbJY73yuqDvXeBNHGZI\nHAFys3sOpzqmS9L6YCL4baSJHdOwYCTD+LS0WLO748EU3DbgvSK3FlTm0dVjsxTJ\nl5/xSA27JC2+BUE0MsER+adhA1DL/c/87F88OFHYyQ0SuHpGuYWSFWa08u3zrqnF\nutwVaQ+huTqC9Qxs+II5+XEXbXYFTU6voye0vQgkVAQfuW0gtA3PuYKy4d0aym1Y\n3bXfWvjZboMpWuxqofOVbYzw/oNl1A+/NIPExQIDAQABAoIBAFDLjB4S4OFcSokm\nDqE/9Dq7H0Cezz4NuNrMSaLeBWWhUQaDsy73joke9z8eftEjKMt74QZ1Q7wk+/Vu\na1SNRmMhHQqQ37iUf1upgRDgEOoUhAzEazcOlc7E/8pb0wq62B/eLGmY+jyY20WT\nySlwre/q/lK93Wnh/u+JxRe6DYI0oTiP/DUdvlAdMzx1v84Y6xF3dPQPo7UHA8fP\naXvDt3Lz7Cjdl2DSZTgfp2Wt5AY1GFmhgWvzwvCQ6kyVZvRXe92pyLr3PSOg6ZjZ\nu0UmScZ2T+lk/944/xmsKNEI0E4jX9IoZTt2hBbhts6JRJzAXVfs1eKNkUW0mcBy\no75bc3ECgYEA+1yIbMqkKG+JjHc+YXnaOlvp7/Oww7cBpVVh7q/zF6U43MtezKMC\nyk0ZUFqaVBb3ss71TkJal+H00YMzytQ1x8HwoUtvq/Vlis1XcUu7wcnBfEqKf9W1\nnTg9XtzjdYmrPX/DhNarmXWZxpwmrD1Yk3vk6R/5tpVb0U+ziVKZqXMCgYEAwnXs\nXCmvD1rnCUFdIvrom7uRBvY6VjYqg5vPHn2Vbp8HtjIZDuVWWHjurgSZaAWQ3v9x\ndPJF52NmVcqT4yEvaSmqrubL10NaidgmBrTA2WQw/xvICpKVwIhgISFJhlFUaHKA\n2OcjrnRKdDC0HohIA61nWY9hWCRYqIVHmsn1KucCfzzgLCos6ZThbm6WcoUo/bEk\nkYOLgUPlDoD8LLuh4T3YxeyzVEI7OHHGOls7liTHazXi6YYKi+Y80w3quKBmxJ+c\nWKq3mlQLGoyDLqpBrTdBpZp0cxaCq3loJXTUCkJtFQvP5YpGc0i3MobnSnZsZQdS\n+h17oP6XLaWDp/eaCZ0CgYARfdf35kv33p5fh8Cf79/SekmuTaGrtY2XbwFvZa52\nV9myusjkPR7KMH6Pqpw97ho85M9IzK4bBSbkWqd4y7hfBj9zIhF92HIhag7plYKv\nS0LY/5+7y7mqqtmywTLC4TfteTc7y3a7L3yu/N6GzI1lv0hHlw0Th5lt9ycctkPW\nSwKBgQDUHYAddRROwlMB+dbdpGy0KxQItF+vuOdS3vU+bYlD7FK9rY/e+HzGFPLw\nqgVw5xvm3S1YW7qIgfsSwrCA3WnVVflQ6BQpsQyG87fZR55gBL6uOeUJCg9+wo1v\n7dAs8nycH1vKEhGEBt2H9F3+kGlNa7e51TQA2JVuTILbqgXN8A==\n-----END RSA PRIVATE KEY-----\n",
            "public_key": "ssh-rsa AAAAB3NzaC1yc2EAAAADAQABAAABAQC+7+jAlzwKwYWuZsv3a5zYOde2bYSRdLWZ6c/qga65pXKmbVAwP8h4pbjddFTGrIfe9V7Ow20zJcZrZkB/i0VPyj0ueBnJdsljvfK6oO9d4E0cZkgcAXKzew6nOqZL0vpgIvhtpIkd07BgJMP4tLRYs7vjwRTcNuC9IrcWVObR1WOzFMmXn/FIDbskLb4FQTQywRH5p2EDUMv9z/zsXzw4UdjJDRK4eka5hZIVZrTy7fOuqcW63BVpD6G5OoL1DGz4gjn5cRdtdgVNTq+jJ7S9CCRUBB+5bSC0Dc+5grLh3RrKbVjdtd9a+Nlugyla7Gqh85VtjPD+g2XUD780g8TF Generated-by-Nova",
            "region": "DFW3",
            "user_id": "",
            "value_specs": null
          },
          "sensitive_attributes": [],
          "private": "bnVsbA==",
          "dependencies": [
            "random_pet.pet_name"
          ]
        }
      ]
    },
    {
      "mode": "managed",
      "type": "openstack_networking_floatingip_v2",
      "name": "node01-dfw-float",
      "provider": "provider[\"registry.terraform.io/terraform-provider-openstack/openstack\"].dfw3",
      "instances": [
        {
          "schema_version": 0,
          "attributes": {
            "address": "209.61.135.85",
            "all_tags": [],
            "description": "",
            "dns_domain": "",
            "dns_name": "",
            "fixed_ip": "",
            "id": "1aad192a-30a0-4a15-be87-c11e65dbe41e",
            "pool": "ext_network",
            "port_id": "",
            "region": "DFW3",
            "subnet_id": null,
            "subnet_ids": null,
            "tags": null,
            "tenant_id": "f3b5887e9d8841c0a73dc031835784db",
            "timeouts": null,
            "value_specs": null
          },
          "sensitive_attributes": [],
          "private": "eyJlMmJmYjczMC1lY2FhLTExZTYtOGY4OC0zNDM2M2JjN2M0YzAiOnsiY3JlYXRlIjo2MDAwMDAwMDAwMDAsImRlbGV0ZSI6NjAwMDAwMDAwMDAwfX0="
        }
      ]
    },
    {
      "mode": "managed",
      "type": "openstack_networking_network_v2",
      "name": "dfw3_tenant_network_1",
      "provider": "provider[\"registry.terraform.io/terraform-provider-openstack/openstack\"].dfw3",
      "instances": [
        {
          "schema_version": 0,
          "attributes": {
            "admin_state_up": true,
            "all_tags": [],
            "availability_zone_hints": [],
            "description": "",
            "dns_domain": "",
            "external": false,
            "id": "f478f016-809f-4b1b-8955-451dac573471",
            "mtu": 1450,
            "name": "proven-robin-dfw3-tenant-network-1",
            "port_security_enabled": true,
            "qos_policy_id": "",
            "region": "DFW3",
            "segments": [],
            "shared": false,
            "tags": null,
            "tenant_id": "f3b5887e9d8841c0a73dc031835784db",
            "timeouts": null,
            "transparent_vlan": false,
            "value_specs": null
          },
          "sensitive_attributes": [],
          "private": "eyJlMmJmYjczMC1lY2FhLTExZTYtOGY4OC0zNDM2M2JjN2M0YzAiOnsiY3JlYXRlIjo2MDAwMDAwMDAwMDAsImRlbGV0ZSI6NjAwMDAwMDAwMDAwfX0=",
          "dependencies": [
            "random_pet.pet_name"
          ]
        }
      ]
    },
    {
      "mode": "managed",
      "type": "openstack_networking_port_v2",
      "name": "node01-dfw-port-1",
      "provider": "provider[\"registry.terraform.io/terraform-provider-openstack/openstack\"].dfw3",
      "instances": [
        {
          "schema_version": 0,
          "attributes": {
            "admin_state_up": true,
            "all_fixed_ips": [
              "192.168.1.192"
            ],
            "all_security_group_ids": [
              "ea14f6e6-ab08-4700-9fc0-75127bec1972"
            ],
            "all_tags": [],
            "allowed_address_pairs": [],
            "binding": [
              {
                "host_id": "",
                "profile": "{}",
                "vif_details": {},
                "vif_type": "unbound",
                "vnic_type": "normal"
              }
            ],
            "description": "",
            "device_id": "",
            "device_owner": "",
            "dns_assignment": [],
            "dns_name": "",
            "extra_dhcp_option": [],
            "fixed_ip": [
              {
                "ip_address": "",
                "subnet_id": "403d43d5-48e9-4a2c-ae79-78d342ef70af"
              }
            ],
            "id": "943e7482-c28e-4487-a8ce-eb71d13292ab",
            "mac_address": "fa:16:3e:24:91:f0",
            "name": "proven-robin-node01-dfw-1",
            "network_id": "f478f016-809f-4b1b-8955-451dac573471",
            "no_fixed_ip": null,
            "no_security_groups": null,
            "port_security_enabled": true,
            "qos_policy_id": "",
            "region": "DFW3",
            "security_group_ids": [
              "ea14f6e6-ab08-4700-9fc0-75127bec1972"
            ],
            "tags": null,
            "tenant_id": "f3b5887e9d8841c0a73dc031835784db",
            "timeouts": null,
            "value_specs": null
          },
          "sensitive_attributes": [],
          "private": "eyJlMmJmYjczMC1lY2FhLTExZTYtOGY4OC0zNDM2M2JjN2M0YzAiOnsiY3JlYXRlIjo2MDAwMDAwMDAwMDAsImRlbGV0ZSI6NjAwMDAwMDAwMDAwfX0=",
          "dependencies": [
            "openstack_networking_network_v2.dfw3_tenant_network_1",
            "openstack_networking_secgroup_v2.secgrp-demo-dfw3",
            "openstack_networking_subnet_v2.dfw3_tenant_network_1",
            "random_pet.pet_name"
          ]
        }
      ]
    },
    {
      "mode": "managed",
      "type": "openstack_networking_router_interface_v2",
      "name": "dfw3-tenant-router-interface-1",
      "provider": "provider[\"registry.terraform.io/terraform-provider-openstack/openstack\"].dfw3",
      "instances": [
        {
          "schema_version": 0,
          "attributes": {
            "id": "17c91c72-cc2e-48e8-a8f8-f56bacaeebcf",
            "port_id": "17c91c72-cc2e-48e8-a8f8-f56bacaeebcf",
            "region": "DFW3",
            "router_id": "f4170f93-c196-49c0-af0f-9277c78af6de",
            "subnet_id": "403d43d5-48e9-4a2c-ae79-78d342ef70af",
            "timeouts": null
          },
          "sensitive_attributes": [],
          "private": "eyJlMmJmYjczMC1lY2FhLTExZTYtOGY4OC0zNDM2M2JjN2M0YzAiOnsiY3JlYXRlIjo2MDAwMDAwMDAwMDAsImRlbGV0ZSI6NjAwMDAwMDAwMDAwfX0=",
          "dependencies": [
            "openstack_networking_network_v2.dfw3_tenant_network_1",
            "openstack_networking_router_v2.dfw3_tenant_router_1",
            "openstack_networking_subnet_v2.dfw3_tenant_network_1",
            "random_pet.pet_name"
          ]
        }
      ]
    },
    {
      "mode": "managed",
      "type": "openstack_networking_router_v2",
      "name": "dfw3_tenant_router_1",
      "provider": "provider[\"registry.terraform.io/terraform-provider-openstack/openstack\"].dfw3",
      "instances": [
        {
          "schema_version": 0,
          "attributes": {
            "admin_state_up": true,
            "all_tags": [],
            "availability_zone_hints": [],
            "description": "",
            "distributed": false,
            "enable_snat": true,
            "external_fixed_ip": [
              {
                "ip_address": "209.61.135.125",
                "subnet_id": "9f4715f6-25c3-4183-a1cb-b42f15ffe47a"
              }
            ],
            "external_gateway": "dd2b8693-99d1-451a-9cc2-e8c996ca1e08",
            "external_network_id": "dd2b8693-99d1-451a-9cc2-e8c996ca1e08",
            "external_subnet_ids": null,
            "id": "f4170f93-c196-49c0-af0f-9277c78af6de",
            "name": "proven-robin-dfw3-demo-tenant-router",
            "region": "DFW3",
            "tags": null,
            "tenant_id": "f3b5887e9d8841c0a73dc031835784db",
            "timeouts": null,
            "value_specs": null,
            "vendor_options": []
          },
          "sensitive_attributes": [],
          "private": "eyJlMmJmYjczMC1lY2FhLTExZTYtOGY4OC0zNDM2M2JjN2M0YzAiOnsiY3JlYXRlIjo2MDAwMDAwMDAwMDAsImRlbGV0ZSI6NjAwMDAwMDAwMDAwfX0=",
          "dependencies": [
            "random_pet.pet_name"
          ]
        }
      ]
    },
    {
      "mode": "managed",
      "type": "openstack_networking_secgroup_rule_v2",
      "name": "all-icmp-dfw3",
      "provider": "provider[\"registry.terraform.io/terraform-provider-openstack/openstack\"].dfw3",
      "instances": [
        {
          "schema_version": 0,
          "attributes": {
            "description": "",
            "direction": "ingress",
            "ethertype": "IPv4",
            "id": "515d9a84-6acc-41de-ba5a-c6b3f3aefda1",
            "port_range_max": 0,
            "port_range_min": 0,
            "protocol": "icmp",
            "region": "DFW3",
            "remote_group_id": "",
            "remote_ip_prefix": "0.0.0.0/0",
            "security_group_id": "ea14f6e6-ab08-4700-9fc0-75127bec1972",
            "tenant_id": "f3b5887e9d8841c0a73dc031835784db",
            "timeouts": null
          },
          "sensitive_attributes": [],
          "private": "eyJlMmJmYjczMC1lY2FhLTExZTYtOGY4OC0zNDM2M2JjN2M0YzAiOnsiZGVsZXRlIjo2MDAwMDAwMDAwMDB9fQ==",
          "dependencies": [
            "openstack_networking_secgroup_v2.secgrp-demo-dfw3"
          ]
        }
      ]
    },
    {
      "mode": "managed",
      "type": "openstack_networking_secgroup_v2",
      "name": "secgrp-demo-dfw3",
      "provider": "provider[\"registry.terraform.io/terraform-provider-openstack/openstack\"].dfw3",
      "instances": [
        {
          "schema_version": 0,
          "attributes": {
            "all_tags": [],
            "delete_default_rules": null,
            "description": "Security Group for Demo",
            "id": "ea14f6e6-ab08-4700-9fc0-75127bec1972",
            "name": "secgrp-demo",
            "region": "DFW3",
            "tags": null,
            "tenant_id": "f3b5887e9d8841c0a73dc031835784db",
            "timeouts": null
          },
          "sensitive_attributes": [],
          "private": "eyJlMmJmYjczMC1lY2FhLTExZTYtOGY4OC0zNDM2M2JjN2M0YzAiOnsiZGVsZXRlIjo2MDAwMDAwMDAwMDB9fQ=="
        }
      ]
    },
    {
      "mode": "managed",
      "type": "openstack_networking_subnet_v2",
      "name": "dfw3_tenant_network_1",
      "provider": "provider[\"registry.terraform.io/terraform-provider-openstack/openstack\"].dfw3",
      "instances": [
        {
          "schema_version": 0,
          "attributes": {
            "all_tags": [],
            "allocation_pool": [
              {
                "end": "192.168.1.254",
                "start": "192.168.1.2"
              }
            ],
            "allocation_pools": [
              {
                "end": "192.168.1.254",
                "start": "192.168.1.2"
              }
            ],
            "cidr": "192.168.1.0/24",
            "description": "",
            "dns_nameservers": [
              "1.1.1.1",
              "1.0.0.1"
            ],
            "enable_dhcp": true,
            "gateway_ip": "192.168.1.1",
            "host_routes": [],
            "id": "403d43d5-48e9-4a2c-ae79-78d342ef70af",
            "ip_version": 4,
            "ipv6_address_mode": "",
            "ipv6_ra_mode": "",
            "name": "proven-robin-dfw3-tenant-network-1-192.168.1.0/24",
            "network_id": "f478f016-809f-4b1b-8955-451dac573471",
            "no_gateway": false,
            "prefix_length": null,
            "region": "DFW3",
            "subnetpool_id": "",
            "tags": null,
            "tenant_id": "f3b5887e9d8841c0a73dc031835784db",
            "timeouts": null,
            "value_specs": null
          },
          "sensitive_attributes": [],
          "private": "eyJlMmJmYjczMC1lY2FhLTExZTYtOGY4OC0zNDM2M2JjN2M0YzAiOnsiY3JlYXRlIjo2MDAwMDAwMDAwMDAsImRlbGV0ZSI6NjAwMDAwMDAwMDAwfX0=",
          "dependencies": [
            "openstack_networking_network_v2.dfw3_tenant_network_1",
            "random_pet.pet_name"
          ]
        }
      ]
    },
    {
      "mode": "managed",
      "type": "random_pet",
      "name": "pet_name",
      "provider": "provider[\"registry.terraform.io/hashicorp/random\"]",
      "instances": [
        {
          "schema_version": 0,
          "attributes": {
            "id": "proven-robin",
            "keepers": null,
            "length": 2,
            "prefix": null,
            "separator": "-"
          },
          "sensitive_attributes": []
        }
      ]
    }
  ],
  "check_results": null
}
